PODS:
  - Alamofire (4.5.0)
  - SideMenu (2.3.3)
  - SwiftMessages (3.4.0)

DEPENDENCIES:
  - Alamofire
  - SideMenu
  - SwiftMessages

SPEC CHECKSUMS:
  Alamofire: f28cdffd29de33a7bfa022cbd63ae95a27fae140
  SideMenu: a447554ae5c982e8077666389e1c8b0c8656e065
  SwiftMessages: e20aa1557fde1525ea369361bec4943cc0d08e7c

PODFILE CHECKSUM: 078dca8cb51a61b674d44d7e298b406defadbe63

COCOAPODS: 1.2.1
