// !$*UTF8*$!
{
	archiveVersion = 1;
	classes = {
	};
	objectVersion = 46;
	objects = {

/* Begin PBXBuildFile section */
		7E905BBC3131641B573B3B22 /* Pods_TaxApp.framework in Frameworks */ = {isa = PBXBuildFile; fileRef = D461ECED81B82DEE6391736E /* Pods_TaxApp.framework */; };
		F71AA1381F35ECC900399589 /* RestorePasswordViewController.swift in Sources */ = {isa = PBXBuildFile; fileRef = F71AA1371F35ECC900399589 /* RestorePasswordViewController.swift */; };
		F71AA13A1F35F1A500399589 /* MainNavigationController.swift in Sources */ = {isa = PBXBuildFile; fileRef = F71AA1391F35F1A500399589 /* MainNavigationController.swift */; };
		F71AA13D1F36058700399589 /* Menu+CoreDataClass.swift in Sources */ = {isa = PBXBuildFile; fileRef = F71AA13B1F36058700399589 /* Menu+CoreDataClass.swift */; };
		F71AA13E1F36058700399589 /* Menu+CoreDataProperties.swift in Sources */ = {isa = PBXBuildFile; fileRef = F71AA13C1F36058700399589 /* Menu+CoreDataProperties.swift */; };
		F71AA1401F36078200399589 /* UserManager.swift in Sources */ = {isa = PBXBuildFile; fileRef = F71AA13F1F36078200399589 /* UserManager.swift */; };
		F71AA1421F36538B00399589 /* MenuManager.swift in Sources */ = {isa = PBXBuildFile; fileRef = F71AA1411F36538B00399589 /* MenuManager.swift */; };
		F740F90E1F348D08005DDBC6 /* SignUpViewController.swift in Sources */ = {isa = PBXBuildFile; fileRef = F740F90D1F348D08005DDBC6 /* SignUpViewController.swift */; };
		F74F77521F30B5FE0006FCD7 /* Assets.xcassets in Resources */ = {isa = PBXBuildFile; fileRef = F74F77511F30B5FE0006FCD7 /* Assets.xcassets */; };
		F74F77541F30B60A0006FCD7 /* Info.plist in Resources */ = {isa = PBXBuildFile; fileRef = F74F77531F30B60A0006FCD7 /* Info.plist */; };
		F74F77571F30B6160006FCD7 /* LaunchScreen.storyboard in Resources */ = {isa = PBXBuildFile; fileRef = F74F77551F30B6160006FCD7 /* LaunchScreen.storyboard */; };
		F74F77581F30B6160006FCD7 /* Login.storyboard in Resources */ = {isa = PBXBuildFile; fileRef = F74F77561F30B6160006FCD7 /* Login.storyboard */; };
		F74F775A1F30B61F0006FCD7 /* LoginViewController.swift in Sources */ = {isa = PBXBuildFile; fileRef = F74F77591F30B61F0006FCD7 /* LoginViewController.swift */; };
		F74F775C1F30B6260006FCD7 /* BaseViewController.swift in Sources */ = {isa = PBXBuildFile; fileRef = F74F775B1F30B6260006FCD7 /* BaseViewController.swift */; };
		F74F775E1F30B62C0006FCD7 /* AppDelegate.swift in Sources */ = {isa = PBXBuildFile; fileRef = F74F775D1F30B62C0006FCD7 /* AppDelegate.swift */; };
		F74FF8881F33683C00A1780A /* BaseFetchViewController.swift in Sources */ = {isa = PBXBuildFile; fileRef = F74FF8871F33683C00A1780A /* BaseFetchViewController.swift */; };
		F74FF88A1F33687C00A1780A /* BaseFetchTableViewController.swift in Sources */ = {isa = PBXBuildFile; fileRef = F74FF8891F33687C00A1780A /* BaseFetchTableViewController.swift */; };
		F74FF88C1F3369CB00A1780A /* LeftMenuTableViewCell.swift in Sources */ = {isa = PBXBuildFile; fileRef = F74FF88B1F3369CB00A1780A /* LeftMenuTableViewCell.swift */; };
		F7829BBB1F3100970057EBA5 /* TaxApp.xcdatamodeld in Sources */ = {isa = PBXBuildFile; fileRef = F7829BB91F3100970057EBA5 /* TaxApp.xcdatamodeld */; };
		F7829BBE1F3104B00057EBA5 /* ConfigAPI.swift in Sources */ = {isa = PBXBuildFile; fileRef = F7829BBD1F3104B00057EBA5 /* ConfigAPI.swift */; };
		F7829BC21F310BA70057EBA5 /* User+CoreDataClass.swift in Sources */ = {isa = PBXBuildFile; fileRef = F7829BC01F310BA70057EBA5 /* User+CoreDataClass.swift */; };
		F7829BC31F310BA70057EBA5 /* User+CoreDataProperties.swift in Sources */ = {isa = PBXBuildFile; fileRef = F7829BC11F310BA70057EBA5 /* User+CoreDataProperties.swift */; };
		F7829BC81F310D820057EBA5 /* MessagerManager.swift in Sources */ = {isa = PBXBuildFile; fileRef = F7829BC41F310D820057EBA5 /* MessagerManager.swift */; };
		F7829BC91F310D820057EBA5 /* AppDataManager.swift in Sources */ = {isa = PBXBuildFile; fileRef = F7829BC51F310D820057EBA5 /* AppDataManager.swift */; };
		F7829BCA1F310D820057EBA5 /* AuthorizationManager.swift in Sources */ = {isa = PBXBuildFile; fileRef = F7829BC61F310D820057EBA5 /* AuthorizationManager.swift */; };
		F7829BCB1F310D820057EBA5 /* CoreDataManager.swift in Sources */ = {isa = PBXBuildFile; fileRef = F7829BC71F310D820057EBA5 /* CoreDataManager.swift */; };
		F78B41B11F379466004B2959 /* ListNewsTableViewCell.swift in Sources */ = {isa = PBXBuildFile; fileRef = F78B41B01F379466004B2959 /* ListNewsTableViewCell.swift */; };
		F78B41B81F37988C004B2959 /* Article+CoreDataClass.swift in Sources */ = {isa = PBXBuildFile; fileRef = F78B41B61F37988C004B2959 /* Article+CoreDataClass.swift */; };
		F78B41B91F37988C004B2959 /* Article+CoreDataProperties.swift in Sources */ = {isa = PBXBuildFile; fileRef = F78B41B71F37988C004B2959 /* Article+CoreDataProperties.swift */; };
		F78B41BB1F37A17D004B2959 /* ArticleManager.swift in Sources */ = {isa = PBXBuildFile; fileRef = F78B41BA1F37A17D004B2959 /* ArticleManager.swift */; };
		F78B41BD1F37B192004B2959 /* WebViewViewController.swift in Sources */ = {isa = PBXBuildFile; fileRef = F78B41BC1F37B192004B2959 /* WebViewViewController.swift */; };
		F7A8EAE31F31CBCA00FA584E /* Main.storyboard in Resources */ = {isa = PBXBuildFile; fileRef = F7A8EAE21F31CBCA00FA584E /* Main.storyboard */; };
		F7A8EAE71F31D64200FA584E /* ListNewsViewController.swift in Sources */ = {isa = PBXBuildFile; fileRef = F7A8EAE61F31D64200FA584E /* ListNewsViewController.swift */; };
		F7A8EAE91F31FBC700FA584E /* LeftMenuViewController.swift in Sources */ = {isa = PBXBuildFile; fileRef = F7A8EAE81F31FBC700FA584E /* LeftMenuViewController.swift */; };
/* End PBXBuildFile section */

/* Begin PBXFileReference section */
		3EB21A186C238B15727789A6 /* Pods-TaxApp.debug.xcconfig */ = {isa = PBXFileReference; includeInIndex = 1; lastKnownFileType = text.xcconfig; name = "Pods-TaxApp.debug.xcconfig"; path = "Pods/Target Support Files/Pods-TaxApp/Pods-TaxApp.debug.xcconfig"; sourceTree = "<group>"; };
		D461ECED81B82DEE6391736E /* Pods_TaxApp.framework */ = {isa = PBXFileReference; explicitFileType = wrapper.framework; includeInIndex = 0; path = Pods_TaxApp.framework; sourceTree = BUILT_PRODUCTS_DIR; };
		E190B930054C22E3D2CDEDC4 /* Pods-TaxApp.release.xcconfig */ = {isa = PBXFileReference; includeInIndex = 1; lastKnownFileType = text.xcconfig; name = "Pods-TaxApp.release.xcconfig"; path = "Pods/Target Support Files/Pods-TaxApp/Pods-TaxApp.release.xcconfig"; sourceTree = "<group>"; };
		F70DC4481F38B5A10006773E /* TaxApp.entitlements */ = {isa = PBXFileReference; lastKnownFileType = text.plist.entitlements; name = TaxApp.entitlements; path = TaxApp/TaxApp.entitlements; sourceTree = "<group>"; };
		F71AA1371F35ECC900399589 /* RestorePasswordViewController.swift */ = {isa = PBXFileReference; fileEncoding = 4; lastKnownFileType = sourcecode.swift; name = RestorePasswordViewController.swift; path = TaxApp/Classes/Login/RestorePasswordViewController.swift; sourceTree = "<group>"; };
		F71AA1391F35F1A500399589 /* MainNavigationController.swift */ = {isa = PBXFileReference; fileEncoding = 4; lastKnownFileType = sourcecode.swift; name = MainNavigationController.swift; path = TaxApp/Classes/Login/MainNavigationController.swift; sourceTree = "<group>"; };
		F71AA13B1F36058700399589 /* Menu+CoreDataClass.swift */ = {isa = PBXFileReference; fileEncoding = 4; lastKnownFileType = sourcecode.swift; name = "Menu+CoreDataClass.swift"; path = "TaxApp/Model/Menu+CoreDataClass.swift"; sourceTree = "<group>"; };
		F71AA13C1F36058700399589 /* Menu+CoreDataProperties.swift */ = {isa = PBXFileReference; fileEncoding = 4; lastKnownFileType = sourcecode.swift; name = "Menu+CoreDataProperties.swift"; path = "TaxApp/Model/Menu+CoreDataProperties.swift"; sourceTree = "<group>"; };
		F71AA13F1F36078200399589 /* UserManager.swift */ = {isa = PBXFileReference; fileEncoding = 4; lastKnownFileType = sourcecode.swift; name = UserManager.swift; path = TaxApp/Managers/UserManager.swift; sourceTree = "<group>"; };
		F71AA1411F36538B00399589 /* MenuManager.swift */ = {isa = PBXFileReference; fileEncoding = 4; lastKnownFileType = sourcecode.swift; name = MenuManager.swift; path = TaxApp/Managers/MenuManager.swift; sourceTree = "<group>"; };
		F740F90D1F348D08005DDBC6 /* SignUpViewController.swift */ = {isa = PBXFileReference; fileEncoding = 4; lastKnownFileType = sourcecode.swift; name = SignUpViewController.swift; path = TaxApp/Classes/Login/SignUpViewController.swift; sourceTree = "<group>"; };
		F74F77511F30B5FE0006FCD7 /* Assets.xcassets */ = {isa = PBXFileReference; lastKnownFileType = folder.assetcatalog; name = Assets.xcassets; path = TaxApp/Resurses/Assets.xcassets; sourceTree = "<group>"; };
		F74F77531F30B60A0006FCD7 /* Info.plist */ = {isa = PBXFileReference; fileEncoding = 4; lastKnownFileType = text.plist.xml; name = Info.plist; path = TaxApp/Resurses/Info.plist; sourceTree = "<group>"; };
		F74F77551F30B6160006FCD7 /* LaunchScreen.storyboard */ = {isa = PBXFileReference; fileEncoding = 4; lastKnownFileType = file.storyboard; name = LaunchScreen.storyboard; path = TaxApp/Storyboards/LaunchScreen.storyboard; sourceTree = "<group>"; };
		F74F77561F30B6160006FCD7 /* Login.storyboard */ = {isa = PBXFileReference; fileEncoding = 4; lastKnownFileType = file.storyboard; name = Login.storyboard; path = TaxApp/Storyboards/Login.storyboard; sourceTree = "<group>"; };
		F74F77591F30B61F0006FCD7 /* LoginViewController.swift */ = {isa = PBXFileReference; fileEncoding = 4; lastKnownFileType = sourcecode.swift; name = LoginViewController.swift; path = TaxApp/Classes/Login/LoginViewController.swift; sourceTree = "<group>"; };
		F74F775B1F30B6260006FCD7 /* BaseViewController.swift */ = {isa = PBXFileReference; fileEncoding = 4; lastKnownFileType = sourcecode.swift; name = BaseViewController.swift; path = TaxApp/Classes/Base/BaseViewController.swift; sourceTree = "<group>"; };
		F74F775D1F30B62C0006FCD7 /* AppDelegate.swift */ = {isa = PBXFileReference; fileEncoding = 4; lastKnownFileType = sourcecode.swift; name = AppDelegate.swift; path = TaxApp/Classes/AppDelegate.swift; sourceTree = "<group>"; };
		F74FF8871F33683C00A1780A /* BaseFetchViewController.swift */ = {isa = PBXFileReference; fileEncoding = 4; lastKnownFileType = sourcecode.swift; name = BaseFetchViewController.swift; path = TaxApp/Classes/Base/BaseFetchViewController.swift; sourceTree = "<group>"; };
		F74FF8891F33687C00A1780A /* BaseFetchTableViewController.swift */ = {isa = PBXFileReference; fileEncoding = 4; lastKnownFileType = sourcecode.swift; name = BaseFetchTableViewController.swift; path = TaxApp/Classes/Base/BaseFetchTableViewController.swift; sourceTree = "<group>"; };
		F74FF88B1F3369CB00A1780A /* LeftMenuTableViewCell.swift */ = {isa = PBXFileReference; fileEncoding = 4; lastKnownFileType = sourcecode.swift; name = LeftMenuTableViewCell.swift; path = TaxApp/Classes/Menu/LeftMenuTableViewCell.swift; sourceTree = "<group>"; };
		F7829BBA1F3100970057EBA5 /* TaxApp.xcdatamodel */ = {isa = PBXFileReference; lastKnownFileType = wrapper.xcdatamodel; path = TaxApp.xcdatamodel; sourceTree = "<group>"; };
		F7829BBD1F3104B00057EBA5 /* ConfigAPI.swift */ = {isa = PBXFileReference; fileEncoding = 4; lastKnownFileType = sourcecode.swift; name = ConfigAPI.swift; path = TaxApp/Managers/ConfigAPI.swift; sourceTree = "<group>"; };
		F7829BC01F310BA70057EBA5 /* User+CoreDataClass.swift */ = {isa = PBXFileReference; fileEncoding = 4; lastKnownFileType = sourcecode.swift; name = "User+CoreDataClass.swift"; path = "TaxApp/Model/User+CoreDataClass.swift"; sourceTree = "<group>"; };
		F7829BC11F310BA70057EBA5 /* User+CoreDataProperties.swift */ = {isa = PBXFileReference; fileEncoding = 4; lastKnownFileType = sourcecode.swift; name = "User+CoreDataProperties.swift"; path = "TaxApp/Model/User+CoreDataProperties.swift"; sourceTree = "<group>"; };
		F7829BC41F310D820057EBA5 /* MessagerManager.swift */ = {isa = PBXFileReference; fileEncoding = 4; lastKnownFileType = sourcecode.swift; name = MessagerManager.swift; path = TaxApp/Managers/MessagerManager.swift; sourceTree = "<group>"; };
		F7829BC51F310D820057EBA5 /* AppDataManager.swift */ = {isa = PBXFileReference; fileEncoding = 4; lastKnownFileType = sourcecode.swift; name = AppDataManager.swift; path = TaxApp/Managers/AppDataManager.swift; sourceTree = "<group>"; };
		F7829BC61F310D820057EBA5 /* AuthorizationManager.swift */ = {isa = PBXFileReference; fileEncoding = 4; lastKnownFileType = sourcecode.swift; name = AuthorizationManager.swift; path = TaxApp/Managers/AuthorizationManager.swift; sourceTree = "<group>"; };
		F7829BC71F310D820057EBA5 /* CoreDataManager.swift */ = {isa = PBXFileReference; fileEncoding = 4; lastKnownFileType = sourcecode.swift; name = CoreDataManager.swift; path = TaxApp/Managers/CoreDataManager.swift; sourceTree = "<group>"; };
		F78B41B01F379466004B2959 /* ListNewsTableViewCell.swift */ = {isa = PBXFileReference; fileEncoding = 4; lastKnownFileType = sourcecode.swift; name = ListNewsTableViewCell.swift; path = TaxApp/Classes/News/ListNewsTableViewCell.swift; sourceTree = "<group>"; };
		F78B41B61F37988C004B2959 /* Article+CoreDataClass.swift */ = {isa = PBXFileReference; fileEncoding = 4; lastKnownFileType = sourcecode.swift; name = "Article+CoreDataClass.swift"; path = "TaxApp/Model/Article+CoreDataClass.swift"; sourceTree = "<group>"; };
		F78B41B71F37988C004B2959 /* Article+CoreDataProperties.swift */ = {isa = PBXFileReference; fileEncoding = 4; lastKnownFileType = sourcecode.swift; name = "Article+CoreDataProperties.swift"; path = "TaxApp/Model/Article+CoreDataProperties.swift"; sourceTree = "<group>"; };
		F78B41BA1F37A17D004B2959 /* ArticleManager.swift */ = {isa = PBXFileReference; fileEncoding = 4; lastKnownFileType = sourcecode.swift; name = ArticleManager.swift; path = TaxApp/Managers/ArticleManager.swift; sourceTree = "<group>"; };
		F78B41BC1F37B192004B2959 /* WebViewViewController.swift */ = {isa = PBXFileReference; fileEncoding = 4; lastKnownFileType = sourcecode.swift; name = WebViewViewController.swift; path = TaxApp/Classes/News/WebViewViewController.swift; sourceTree = "<group>"; };
		F7A8EAE21F31CBCA00FA584E /* Main.storyboard */ = {isa = PBXFileReference; fileEncoding = 4; lastKnownFileType = file.storyboard; name = Main.storyboard; path = TaxApp/Storyboards/Main.storyboard; sourceTree = "<group>"; };
		F7A8EAE61F31D64200FA584E /* ListNewsViewController.swift */ = {isa = PBXFileReference; fileEncoding = 4; lastKnownFileType = sourcecode.swift; name = ListNewsViewController.swift; path = TaxApp/Classes/News/ListNewsViewController.swift; sourceTree = "<group>"; };
		F7A8EAE81F31FBC700FA584E /* LeftMenuViewController.swift */ = {isa = PBXFileReference; fileEncoding = 4; lastKnownFileType = sourcecode.swift; name = LeftMenuViewController.swift; path = TaxApp/Classes/Menu/LeftMenuViewController.swift; sourceTree = "<group>"; };
		F7B42BB61F2F63D6007632BC /* TaxApp.app */ = {isa = PBXFileReference; explicitFileType = wrapper.application; includeInIndex = 0; path = TaxApp.app; sourceTree = BUILT_PRODUCTS_DIR; };
/* End PBXFileReference section */

/* Begin PBXFrameworksBuildPhase section */
		F7B42BB31F2F63D6007632BC /* Frameworks */ = {
			isa = PBXFrameworksBuildPhase;
			buildActionMask = 2147483647;
			files = (
				7E905BBC3131641B573B3B22 /* Pods_TaxApp.framework in Frameworks */,
			);
			runOnlyForDeploymentPostprocessing = 0;
		};
/* End PBXFrameworksBuildPhase section */

/* Begin PBXGroup section */
		10D1882F7C9F336B71744401 /* Frameworks */ = {
			isa = PBXGroup;
			children = (
				D461ECED81B82DEE6391736E /* Pods_TaxApp.framework */,
			);
			name = Frameworks;
			sourceTree = "<group>";
		};
		52817768A9CCCD860397AE24 /* Pods */ = {
			isa = PBXGroup;
			children = (
				3EB21A186C238B15727789A6 /* Pods-TaxApp.debug.xcconfig */,
				E190B930054C22E3D2CDEDC4 /* Pods-TaxApp.release.xcconfig */,
			);
			name = Pods;
			sourceTree = "<group>";
		};
		F74F774B1F30A2470006FCD7 /* Login */ = {
			isa = PBXGroup;
			children = (
				F71AA1391F35F1A500399589 /* MainNavigationController.swift */,
				F74F77591F30B61F0006FCD7 /* LoginViewController.swift */,
				F740F90D1F348D08005DDBC6 /* SignUpViewController.swift */,
				F71AA1371F35ECC900399589 /* RestorePasswordViewController.swift */,
			);
			name = Login;
			sourceTree = "<group>";
		};
		F74F774E1F30B4B30006FCD7 /* BaseViewControllers */ = {
			isa = PBXGroup;
			children = (
				F74F775B1F30B6260006FCD7 /* BaseViewController.swift */,
				F74FF8871F33683C00A1780A /* BaseFetchViewController.swift */,
				F74FF8891F33687C00A1780A /* BaseFetchTableViewController.swift */,
			);
			name = BaseViewControllers;
			sourceTree = "<group>";
		};
		F7829BBC1F3104250057EBA5 /* Managers */ = {
			isa = PBXGroup;
			children = (
				F7829BC51F310D820057EBA5 /* AppDataManager.swift */,
				F7829BC71F310D820057EBA5 /* CoreDataManager.swift */,
				F7829BBD1F3104B00057EBA5 /* ConfigAPI.swift */,
				F7829BC41F310D820057EBA5 /* MessagerManager.swift */,
				F7829BC61F310D820057EBA5 /* AuthorizationManager.swift */,
				F71AA13F1F36078200399589 /* UserManager.swift */,
				F71AA1411F36538B00399589 /* MenuManager.swift */,
				F78B41BA1F37A17D004B2959 /* ArticleManager.swift */,
			);
			name = Managers;
			sourceTree = "<group>";
		};
		F7829BBF1F310B660057EBA5 /* Model */ = {
			isa = PBXGroup;
			children = (
				F78B41B61F37988C004B2959 /* Article+CoreDataClass.swift */,
				F78B41B71F37988C004B2959 /* Article+CoreDataProperties.swift */,
				F71AA13B1F36058700399589 /* Menu+CoreDataClass.swift */,
				F71AA13C1F36058700399589 /* Menu+CoreDataProperties.swift */,
				F7829BC01F310BA70057EBA5 /* User+CoreDataClass.swift */,
				F7829BC11F310BA70057EBA5 /* User+CoreDataProperties.swift */,
				F7829BB91F3100970057EBA5 /* TaxApp.xcdatamodeld */,
			);
			name = Model;
			sourceTree = "<group>";
		};
		F7A8EAE41F31CCA800FA584E /* Menu */ = {
			isa = PBXGroup;
			children = (
				F7A8EAE81F31FBC700FA584E /* LeftMenuViewController.swift */,
				F74FF88B1F3369CB00A1780A /* LeftMenuTableViewCell.swift */,
			);
			name = Menu;
			sourceTree = "<group>";
		};
		F7A8EAE51F31D5FD00FA584E /* News */ = {
			isa = PBXGroup;
			children = (
				F7A8EAE61F31D64200FA584E /* ListNewsViewController.swift */,
				F78B41B01F379466004B2959 /* ListNewsTableViewCell.swift */,
				F78B41BC1F37B192004B2959 /* WebViewViewController.swift */,
			);
			name = News;
			sourceTree = "<group>";
		};
		F7B42BAD1F2F63D6007632BC = {
			isa = PBXGroup;
			children = (
				F70DC4481F38B5A10006773E /* TaxApp.entitlements */,
				F7829BBF1F310B660057EBA5 /* Model */,
				F7829BBC1F3104250057EBA5 /* Managers */,
				F7B42BCD1F2F6A42007632BC /* Classes */,
				F7B42BCC1F2F6A0A007632BC /* Storyboards */,
				F7B42BCB1F2F696A007632BC /* Resources */,
				F7B42BB71F2F63D6007632BC /* Products */,
				52817768A9CCCD860397AE24 /* Pods */,
				10D1882F7C9F336B71744401 /* Frameworks */,
			);
			sourceTree = "<group>";
		};
		F7B42BB71F2F63D6007632BC /* Products */ = {
			isa = PBXGroup;
			children = (
				F7B42BB61F2F63D6007632BC /* TaxApp.app */,
			);
			name = Products;
			sourceTree = "<group>";
		};
		F7B42BCB1F2F696A007632BC /* Resources */ = {
			isa = PBXGroup;
			children = (
				F74F77511F30B5FE0006FCD7 /* Assets.xcassets */,
				F74F77531F30B60A0006FCD7 /* Info.plist */,
			);
			name = Resources;
			sourceTree = "<group>";
		};
		F7B42BCC1F2F6A0A007632BC /* Storyboards */ = {
			isa = PBXGroup;
			children = (
				F74F77561F30B6160006FCD7 /* Login.storyboard */,
				F7A8EAE21F31CBCA00FA584E /* Main.storyboard */,
				F74F77551F30B6160006FCD7 /* LaunchScreen.storyboard */,
			);
			name = Storyboards;
			sourceTree = "<group>";
		};
		F7B42BCD1F2F6A42007632BC /* Classes */ = {
			isa = PBXGroup;
			children = (
				F74F775D1F30B62C0006FCD7 /* AppDelegate.swift */,
				F74F774E1F30B4B30006FCD7 /* BaseViewControllers */,
				F7A8EAE41F31CCA800FA584E /* Menu */,
				F7A8EAE51F31D5FD00FA584E /* News */,
				F74F774B1F30A2470006FCD7 /* Login */,
			);
			name = Classes;
			sourceTree = "<group>";
		};
/* End PBXGroup section */

/* Begin PBXNativeTarget section */
		F7B42BB51F2F63D6007632BC /* TaxApp */ = {
			isa = PBXNativeTarget;
			buildConfigurationList = F7B42BC81F2F63D6007632BC /* Build configuration list for PBXNativeTarget "TaxApp" */;
			buildPhases = (
				ABAD73C9EA512AE72AE73C5E /* [CP] Check Pods Manifest.lock */,
				F7B42BB21F2F63D6007632BC /* Sources */,
				F7B42BB31F2F63D6007632BC /* Frameworks */,
				F7B42BB41F2F63D6007632BC /* Resources */,
				3641AC731C68AA03CC759636 /* [CP] Embed Pods Frameworks */,
				EC746EF85459167511D1456E /* [CP] Copy Pods Resources */,
			);
			buildRules = (
			);
			dependencies = (
			);
			name = TaxApp;
			productName = TaxApp;
			productReference = F7B42BB61F2F63D6007632BC /* TaxApp.app */;
			productType = "com.apple.product-type.application";
		};
/* End PBXNativeTarget section */

/* Begin PBXProject section */
		F7B42BAE1F2F63D6007632BC /* Project object */ = {
			isa = PBXProject;
			attributes = {
				LastSwiftUpdateCheck = 0830;
				LastUpgradeCheck = 0830;
				ORGANIZATIONNAME = "Sergey Leskov";
				TargetAttributes = {
					F7B42BB51F2F63D6007632BC = {
						CreatedOnToolsVersion = 8.3.3;
						DevelopmentTeam = EG6AMXNLL4;
						ProvisioningStyle = Automatic;
						SystemCapabilities = {
							com.apple.Keychain = {
								enabled = 1;
							};
						};
					};
				};
			};
			buildConfigurationList = F7B42BB11F2F63D6007632BC /* Build configuration list for PBXProject "TaxApp" */;
			compatibilityVersion = "Xcode 3.2";
			developmentRegion = English;
			hasScannedForEncodings = 0;
			knownRegions = (
				Base,
				en,
			);
			mainGroup = F7B42BAD1F2F63D6007632BC;
			productRefGroup = F7B42BB71F2F63D6007632BC /* Products */;
			projectDirPath = "";
			projectRoot = "";
			targets = (
				F7B42BB51F2F63D6007632BC /* TaxApp */,
			);
		};
/* End PBXProject section */

/* Begin PBXResourcesBuildPhase section */
		F7B42BB41F2F63D6007632BC /* Resources */ = {
			isa = PBXResourcesBuildPhase;
			buildActionMask = 2147483647;
			files = (
				F74F77521F30B5FE0006FCD7 /* Assets.xcassets in Resources */,
				F7A8EAE31F31CBCA00FA584E /* Main.storyboard in Resources */,
				F74F77581F30B6160006FCD7 /* Login.storyboard in Resources */,
				F74F77541F30B60A0006FCD7 /* Info.plist in Resources */,
				F74F77571F30B6160006FCD7 /* LaunchScreen.storyboard in Resources */,
			);
			runOnlyForDeploymentPostprocessing = 0;
		};
/* End PBXResourcesBuildPhase section */

/* Begin PBXShellScriptBuildPhase section */
		3641AC731C68AA03CC759636 /* [CP] Embed Pods Frameworks */ = {
			isa = PBXShellScriptBuildPhase;
			buildActionMask = 2147483647;
			files = (
			);
			inputPaths = (
			);
			name = "[CP] Embed Pods Frameworks";
			outputPaths = (
			);
			runOnlyForDeploymentPostprocessing = 0;
			shellPath = /bin/sh;
			shellScript = "\"${SRCROOT}/Pods/Target Support Files/Pods-TaxApp/Pods-TaxApp-frameworks.sh\"\n";
			showEnvVarsInLog = 0;
		};
		ABAD73C9EA512AE72AE73C5E /* [CP] Check Pods Manifest.lock */ = {
			isa = PBXShellScriptBuildPhase;
			buildActionMask = 2147483647;
			files = (
			);
			inputPaths = (
			);
			name = "[CP] Check Pods Manifest.lock";
			outputPaths = (
			);
			runOnlyForDeploymentPostprocessing = 0;
			shellPath = /bin/sh;
			shellScript = "diff \"${PODS_PODFILE_DIR_PATH}/Podfile.lock\" \"${PODS_ROOT}/Manifest.lock\" > /dev/null\nif [ $? != 0 ] ; then\n    # print error to STDERR\n    echo \"error: The sandbox is not in sync with the Podfile.lock. Run 'pod install' or update your CocoaPods installation.\" >&2\n    exit 1\nfi\n";
			showEnvVarsInLog = 0;
		};
		EC746EF85459167511D1456E /* [CP] Copy Pods Resources */ = {
			isa = PBXShellScriptBuildPhase;
			buildActionMask = 2147483647;
			files = (
			);
			inputPaths = (
			);
			name = "[CP] Copy Pods Resources";
			outputPaths = (
			);
			runOnlyForDeploymentPostprocessing = 0;
			shellPath = /bin/sh;
			shellScript = "\"${SRCROOT}/Pods/Target Support Files/Pods-TaxApp/Pods-TaxApp-resources.sh\"\n";
			showEnvVarsInLog = 0;
		};
/* End PBXShellScriptBuildPhase section */

/* Begin PBXSourcesBuildPhase section */
		F7B42BB21F2F63D6007632BC /* Sources */ = {
			isa = PBXSourcesBuildPhase;
			buildActionMask = 2147483647;
			files = (
				F71AA13E1F36058700399589 /* Menu+CoreDataProperties.swift in Sources */,
				F71AA13D1F36058700399589 /* Menu+CoreDataClass.swift in Sources */,
				F78B41B81F37988C004B2959 /* Article+CoreDataClass.swift in Sources */,
				F74F775E1F30B62C0006FCD7 /* AppDelegate.swift in Sources */,
				F78B41B91F37988C004B2959 /* Article+CoreDataProperties.swift in Sources */,
				F7829BBB1F3100970057EBA5 /* TaxApp.xcdatamodeld in Sources */,
				F7829BC81F310D820057EBA5 /* MessagerManager.swift in Sources */,
				F7829BC21F310BA70057EBA5 /* User+CoreDataClass.swift in Sources */,
				F74FF88A1F33687C00A1780A /* BaseFetchTableViewController.swift in Sources */,
				F740F90E1F348D08005DDBC6 /* SignUpViewController.swift in Sources */,
				F78B41BB1F37A17D004B2959 /* ArticleManager.swift in Sources */,
				F7829BC31F310BA70057EBA5 /* User+CoreDataProperties.swift in Sources */,
				F7829BBE1F3104B00057EBA5 /* ConfigAPI.swift in Sources */,
				F78B41B11F379466004B2959 /* ListNewsTableViewCell.swift in Sources */,
				F78B41BD1F37B192004B2959 /* WebViewViewController.swift in Sources */,
				F74F775A1F30B61F0006FCD7 /* LoginViewController.swift in Sources */,
				F71AA1421F36538B00399589 /* MenuManager.swift in Sources */,
				F71AA13A1F35F1A500399589 /* MainNavigationController.swift in Sources */,
				F7A8EAE71F31D64200FA584E /* ListNewsViewController.swift in Sources */,
				F71AA1381F35ECC900399589 /* RestorePasswordViewController.swift in Sources */,
				F74FF88C1F3369CB00A1780A /* LeftMenuTableViewCell.swift in Sources */,
				F7829BCA1F310D820057EBA5 /* AuthorizationManager.swift in Sources */,
				F74F775C1F30B6260006FCD7 /* BaseViewController.swift in Sources */,
				F7A8EAE91F31FBC700FA584E /* LeftMenuViewController.swift in Sources */,
				F7829BC91F310D820057EBA5 /* AppDataManager.swift in Sources */,
				F74FF8881F33683C00A1780A /* BaseFetchViewController.swift in Sources */,
				F71AA1401F36078200399589 /* UserManager.swift in Sources */,
				F7829BCB1F310D820057EBA5 /* CoreDataManager.swift in Sources */,
			);
			runOnlyForDeploymentPostprocessing = 0;
		};
/* End PBXSourcesBuildPhase section */

/* Begin XCBuildConfiguration section */
		F7B42BC61F2F63D6007632BC /* Debug */ = {
			isa = XCBuildConfiguration;
			buildSettings = {
				ALWAYS_SEARCH_USER_PATHS = NO;
				CLANG_ANALYZER_LOCALIZABILITY_NONLOCALIZED = YES;
				CLANG_ANALYZER_NONNULL = YES;
				CLANG_ANALYZER_NUMBER_OBJECT_CONVERSION = YES_AGGRESSIVE;
				CLANG_CXX_LANGUAGE_STANDARD = "gnu++0x";
				CLANG_CXX_LIBRARY = "libc++";
				CLANG_ENABLE_MODULES = YES;
				CLANG_ENABLE_OBJC_ARC = YES;
				CLANG_WARN_BOOL_CONVERSION = YES;
				CLANG_WARN_CONSTANT_CONVERSION = YES;
				CLANG_WARN_DIRECT_OBJC_ISA_USAGE = YES_ERROR;
				CLANG_WARN_DOCUMENTATION_COMMENTS = YES;
				CLANG_WARN_EMPTY_BODY = YES;
				CLANG_WARN_ENUM_CONVERSION = YES;
				CLANG_WARN_INFINITE_RECURSION = YES;
				CLANG_WARN_INT_CONVERSION = YES;
				CLANG_WARN_OBJC_ROOT_CLASS = YES_ERROR;
				CLANG_WARN_SUSPICIOUS_MOVE = YES;
				CLANG_WARN_UNREACHABLE_CODE = YES;
				CLANG_WARN__DUPLICATE_METHOD_MATCH = YES;
				"CODE_SIGN_IDENTITY[sdk=iphoneos*]" = "iPhone Developer";
				COPY_PHASE_STRIP = NO;
				DEBUG_INFORMATION_FORMAT = dwarf;
				ENABLE_STRICT_OBJC_MSGSEND = YES;
				ENABLE_TESTABILITY = YES;
				GCC_C_LANGUAGE_STANDARD = gnu99;
				GCC_DYNAMIC_NO_PIC = NO;
				GCC_NO_COMMON_BLOCKS = YES;
				GCC_OPTIMIZATION_LEVEL = 0;
				GCC_PREPROCESSOR_DEFINITIONS = (
					"DEBUG=1",
					"$(inherited)",
				);
				GCC_WARN_64_TO_32_BIT_CONVERSION = YES;
				GCC_WARN_ABOUT_RETURN_TYPE = YES_ERROR;
				GCC_WARN_UNDECLARED_SELECTOR = YES;
				GCC_WARN_UNINITIALIZED_AUTOS = YES_AGGRESSIVE;
				GCC_WARN_UNUSED_FUNCTION = YES;
				GCC_WARN_UNUSED_VARIABLE = YES;
				IPHONEOS_DEPLOYMENT_TARGET = 10.3;
				MTL_ENABLE_DEBUG_INFO = YES;
				ONLY_ACTIVE_ARCH = YES;
				SDKROOT = iphoneos;
				SWIFT_ACTIVE_COMPILATION_CONDITIONS = DEBUG;
				SWIFT_OPTIMIZATION_LEVEL = "-Onone";
				TARGETED_DEVICE_FAMILY = "1,2";
			};
			name = Debug;
		};
		F7B42BC71F2F63D6007632BC /* Release */ = {
			isa = XCBuildConfiguration;
			buildSettings = {
				ALWAYS_SEARCH_USER_PATHS = NO;
				CLANG_ANALYZER_LOCALIZABILITY_NONLOCALIZED = YES;
				CLANG_ANALYZER_NONNULL = YES;
				CLANG_ANALYZER_NUMBER_OBJECT_CONVERSION = YES_AGGRESSIVE;
				CLANG_CXX_LANGUAGE_STANDARD = "gnu++0x";
				CLANG_CXX_LIBRARY = "libc++";
				CLANG_ENABLE_MODULES = YES;
				CLANG_ENABLE_OBJC_ARC = YES;
				CLANG_WARN_BOOL_CONVERSION = YES;
				CLANG_WARN_CONSTANT_CONVERSION = YES;
				CLANG_WARN_DIRECT_OBJC_ISA_USAGE = YES_ERROR;
				CLANG_WARN_DOCUMENTATION_COMMENTS = YES;
				CLANG_WARN_EMPTY_BODY = YES;
				CLANG_WARN_ENUM_CONVERSION = YES;
				CLANG_WARN_INFINITE_RECURSION = YES;
				CLANG_WARN_INT_CONVERSION = YES;
				CLANG_WARN_OBJC_ROOT_CLASS = YES_ERROR;
				CLANG_WARN_SUSPICIOUS_MOVE = YES;
				CLANG_WARN_UNREACHABLE_CODE = YES;
				CLANG_WARN__DUPLICATE_METHOD_MATCH = YES;
				"CODE_SIGN_IDENTITY[sdk=iphoneos*]" = "iPhone Developer";
				COPY_PHASE_STRIP = NO;
				DEBUG_INFORMATION_FORMAT = "dwarf-with-dsym";
				ENABLE_NS_ASSERTIONS = NO;
				ENABLE_STRICT_OBJC_MSGSEND = YES;
				GCC_C_LANGUAGE_STANDARD = gnu99;
				GCC_NO_COMMON_BLOCKS = YES;
				GCC_WARN_64_TO_32_BIT_CONVERSION = YES;
				GCC_WARN_ABOUT_RETURN_TYPE = YES_ERROR;
				GCC_WARN_UNDECLARED_SELECTOR = YES;
				GCC_WARN_UNINITIALIZED_AUTOS = YES_AGGRESSIVE;
				GCC_WARN_UNUSED_FUNCTION = YES;
				GCC_WARN_UNUSED_VARIABLE = YES;
				IPHONEOS_DEPLOYMENT_TARGET = 10.3;
				MTL_ENABLE_DEBUG_INFO = NO;
				SDKROOT = iphoneos;
				SWIFT_OPTIMIZATION_LEVEL = "-Owholemodule";
				TARGETED_DEVICE_FAMILY = "1,2";
				VALIDATE_PRODUCT = YES;
			};
			name = Release;
		};
		F7B42BC91F2F63D6007632BC /* Debug */ = {
			isa = XCBuildConfiguration;
			baseConfigurationReference = 3EB21A186C238B15727789A6 /* Pods-TaxApp.debug.xcconfig */;
			buildSettings = {
				ASSETCATALOG_COMPILER_APPICON_NAME = AppIcon;
				CODE_SIGN_ENTITLEMENTS = TaxApp/TaxApp.entitlements;
				DEVELOPMENT_TEAM = EG6AMXNLL4;
				INFOPLIST_FILE = "$(SRCROOT)/TaxApp/Resurses/Info.plist";
				IPHONEOS_DEPLOYMENT_TARGET = 10.0;
				LD_RUNPATH_SEARCH_PATHS = "$(inherited) @executable_path/Frameworks";
				PRODUCT_BUNDLE_IDENTIFIER = com.vitsolutions.taxapp;
				PRODUCT_NAME = "$(TARGET_NAME)";
				SWIFT_VERSION = 3.0;
			};
			name = Debug;
		};
		F7B42BCA1F2F63D6007632BC /* Release */ = {
			isa = XCBuildConfiguration;
			baseConfigurationReference = E190B930054C22E3D2CDEDC4 /* Pods-TaxApp.release.xcconfig */;
			buildSettings = {
				ASSETCATALOG_COMPILER_APPICON_NAME = AppIcon;
				CODE_SIGN_ENTITLEMENTS = TaxApp/TaxApp.entitlements;
				DEVELOPMENT_TEAM = EG6AMXNLL4;
				INFOPLIST_FILE = "$(SRCROOT)/TaxApp/Resurses/Info.plist";
				IPHONEOS_DEPLOYMENT_TARGET = 10.0;
				LD_RUNPATH_SEARCH_PATHS = "$(inherited) @executable_path/Frameworks";
				PRODUCT_BUNDLE_IDENTIFIER = com.vitsolutions.taxapp;
				PRODUCT_NAME = "$(TARGET_NAME)";
				SWIFT_VERSION = 3.0;
			};
			name = Release;
		};
/* End XCBuildConfiguration section */

/* Begin XCConfigurationList section */
		F7B42BB11F2F63D6007632BC /* Build configuration list for PBXProject "TaxApp" */ = {
			isa = XCConfigurationList;
			buildConfigurations = (
				F7B42BC61F2F63D6007632BC /* Debug */,
				F7B42BC71F2F63D6007632BC /* Release */,
			);
			defaultConfigurationIsVisible = 0;
			defaultConfigurationName = Release;
		};
		F7B42BC81F2F63D6007632BC /* Build configuration list for PBXNativeTarget "TaxApp" */ = {
			isa = XCConfigurationList;
			buildConfigurations = (
				F7B42BC91F2F63D6007632BC /* Debug */,
				F7B42BCA1F2F63D6007632BC /* Release */,
			);
			defaultConfigurationIsVisible = 0;
			defaultConfigurationName = Release;
		};
/* End XCConfigurationList section */

/* Begin XCVersionGroup section */
		F7829BB91F3100970057EBA5 /* TaxApp.xcdatamodeld */ = {
			isa = XCVersionGroup;
			children = (
				F7829BBA1F3100970057EBA5 /* TaxApp.xcdatamodel */,
			);
			currentVersion = F7829BBA1F3100970057EBA5 /* TaxApp.xcdatamodel */;
			name = TaxApp.xcdatamodeld;
			path = TaxApp/Resurses/TaxApp.xcdatamodeld;
			sourceTree = "<group>";
			versionGroupType = wrapper.xcdatamodel;
		};
/* End XCVersionGroup section */
	};
	rootObject = F7B42BAE1F2F63D6007632BC /* Project object */;
}
