// !$*UTF8*$!
{
	archiveVersion = 1;
	classes = {
	};
	objectVersion = 46;
	objects = {

/* Begin PBXBuildFile section */
		7E905BBC3131641B573B3B22 /* Pods_TaxApp.framework in Frameworks */ = {isa = PBXBuildFile; fileRef = D461ECED81B82DEE6391736E /* Pods_TaxApp.framework */; };
		A5FA477E1F598C5100EAD4D4 /* ConfidentialViewController.swift in Sources */ = {isa = PBXBuildFile; fileRef = A5FA477D1F598C5000EAD4D4 /* ConfidentialViewController.swift */; };
		A5FA47801F598CAA00EAD4D4 /* AboutApp.swift in Sources */ = {isa = PBXBuildFile; fileRef = A5FA477F1F598CAA00EAD4D4 /* AboutApp.swift */; };
		A5FA47821F59A4BA00EAD4D4 /* ChangePassword.swift in Sources */ = {isa = PBXBuildFile; fileRef = A5FA47811F59A4BA00EAD4D4 /* ChangePassword.swift */; };
		F71CF6711F6939340096860F /* English.storyboard in Resources */ = {isa = PBXBuildFile; fileRef = F71CF6701F6939340096860F /* English.storyboard */; };
		F71CF6731F6970F50096860F /* BaseFetchCollectionViewController.swift in Sources */ = {isa = PBXBuildFile; fileRef = F71CF6721F6970F50096860F /* BaseFetchCollectionViewController.swift */; };
		F71CF6761F6972D10096860F /* ListEnglishViewController.swift in Sources */ = {isa = PBXBuildFile; fileRef = F71CF6751F6972D10096860F /* ListEnglishViewController.swift */; };
		F71CF6791F697AA20096860F /* MenuEnglish+CoreDataClass.swift in Sources */ = {isa = PBXBuildFile; fileRef = F71CF6771F697AA20096860F /* MenuEnglish+CoreDataClass.swift */; };
		F71CF67A1F697AA20096860F /* MenuEnglish+CoreDataProperties.swift in Sources */ = {isa = PBXBuildFile; fileRef = F71CF6781F697AA20096860F /* MenuEnglish+CoreDataProperties.swift */; };
		F73EB0C91F6A854800B39931 /* MenuEnglishManager.swift in Sources */ = {isa = PBXBuildFile; fileRef = F73EB0C81F6A854800B39931 /* MenuEnglishManager.swift */; };
		F73EB0CB1F6AA27600B39931 /* ListEnglishCollectionViewCell.swift in Sources */ = {isa = PBXBuildFile; fileRef = F73EB0CA1F6AA27600B39931 /* ListEnglishCollectionViewCell.swift */; };
		F73EB0CE1F6AB31100B39931 /* SubMenuEnglish+CoreDataClass.swift in Sources */ = {isa = PBXBuildFile; fileRef = F73EB0CC1F6AB31100B39931 /* SubMenuEnglish+CoreDataClass.swift */; };
		F73EB0CF1F6AB31100B39931 /* SubMenuEnglish+CoreDataProperties.swift in Sources */ = {isa = PBXBuildFile; fileRef = F73EB0CD1F6AB31100B39931 /* SubMenuEnglish+CoreDataProperties.swift */; };
		F77257D41F5762C4004D0C79 /* ViewMessageTableViewCell.swift in Sources */ = {isa = PBXBuildFile; fileRef = F77257D31F5762C4004D0C79 /* ViewMessageTableViewCell.swift */; };
		F77D29BA1F5401960032227F /* Notification+CoreDataClass.swift in Sources */ = {isa = PBXBuildFile; fileRef = F77D29B81F5401960032227F /* Notification+CoreDataClass.swift */; };
		F77D29BB1F5401960032227F /* Notification+CoreDataProperties.swift in Sources */ = {isa = PBXBuildFile; fileRef = F77D29B91F5401960032227F /* Notification+CoreDataProperties.swift */; };
		F77D29BD1F5402290032227F /* NotificationKind.swift in Sources */ = {isa = PBXBuildFile; fileRef = F77D29BC1F5402290032227F /* NotificationKind.swift */; };
		F77D29CD1F5402C20032227F /* ArticleManager.swift in Sources */ = {isa = PBXBuildFile; fileRef = F77D29C01F5402C20032227F /* ArticleManager.swift */; };
		F77D29CE1F5402C20032227F /* ConfigAPI.swift in Sources */ = {isa = PBXBuildFile; fileRef = F77D29C11F5402C20032227F /* ConfigAPI.swift */; };
		F77D29CF1F5402C20032227F /* UserManager.swift in Sources */ = {isa = PBXBuildFile; fileRef = F77D29C21F5402C20032227F /* UserManager.swift */; };
		F77D29D01F5402C20032227F /* ImageManager.swift in Sources */ = {isa = PBXBuildFile; fileRef = F77D29C31F5402C20032227F /* ImageManager.swift */; };
		F77D29D11F5402C20032227F /* AuthorizationManager.swift in Sources */ = {isa = PBXBuildFile; fileRef = F77D29C41F5402C20032227F /* AuthorizationManager.swift */; };
		F77D29D21F5402C20032227F /* CategoryManager.swift in Sources */ = {isa = PBXBuildFile; fileRef = F77D29C51F5402C20032227F /* CategoryManager.swift */; };
		F77D29D31F5402C20032227F /* MenuManager.swift in Sources */ = {isa = PBXBuildFile; fileRef = F77D29C61F5402C20032227F /* MenuManager.swift */; };
		F77D29D41F5402C20032227F /* DateManager.swift in Sources */ = {isa = PBXBuildFile; fileRef = F77D29C71F5402C20032227F /* DateManager.swift */; };
		F77D29D51F5402C20032227F /* ThemeManager.swift in Sources */ = {isa = PBXBuildFile; fileRef = F77D29C81F5402C20032227F /* ThemeManager.swift */; };
		F77D29D61F5402C20032227F /* ColorManager.swift in Sources */ = {isa = PBXBuildFile; fileRef = F77D29C91F5402C20032227F /* ColorManager.swift */; };
		F77D29D71F5402C20032227F /* AppDataManager.swift in Sources */ = {isa = PBXBuildFile; fileRef = F77D29CA1F5402C20032227F /* AppDataManager.swift */; };
		F77D29D81F5402C20032227F /* CoreDataManager.swift in Sources */ = {isa = PBXBuildFile; fileRef = F77D29CB1F5402C20032227F /* CoreDataManager.swift */; };
		F77D29D91F5402C20032227F /* MessagerManager.swift in Sources */ = {isa = PBXBuildFile; fileRef = F77D29CC1F5402C20032227F /* MessagerManager.swift */; };
		F77D29DB1F5402F40032227F /* NotificationManager.swift in Sources */ = {isa = PBXBuildFile; fileRef = F77D29DA1F5402F40032227F /* NotificationManager.swift */; };
		F77D29DD1F54030D0032227F /* AppDataManager+Theme.swift in Sources */ = {isa = PBXBuildFile; fileRef = F77D29DC1F54030D0032227F /* AppDataManager+Theme.swift */; };
		F77D29DF1F5403580032227F /* AppDelegate.swift in Sources */ = {isa = PBXBuildFile; fileRef = F77D29DE1F5403580032227F /* AppDelegate.swift */; };
		F77D29E71F54036A0032227F /* BaseImageViewController.swift in Sources */ = {isa = PBXBuildFile; fileRef = F77D29E01F54036A0032227F /* BaseImageViewController.swift */; };
		F77D29E81F54036A0032227F /* BaseViewController.swift in Sources */ = {isa = PBXBuildFile; fileRef = F77D29E11F54036A0032227F /* BaseViewController.swift */; };
		F77D29E91F54036A0032227F /* BaseLabelTableViewCell.swift in Sources */ = {isa = PBXBuildFile; fileRef = F77D29E21F54036A0032227F /* BaseLabelTableViewCell.swift */; };
		F77D29EA1F54036A0032227F /* BaseFieldTableViewCell.swift in Sources */ = {isa = PBXBuildFile; fileRef = F77D29E31F54036A0032227F /* BaseFieldTableViewCell.swift */; };
		F77D29EB1F54036A0032227F /* BaseFetchViewController.swift in Sources */ = {isa = PBXBuildFile; fileRef = F77D29E41F54036A0032227F /* BaseFetchViewController.swift */; };
		F77D29EC1F54036A0032227F /* BaseNavigationViewController.swift in Sources */ = {isa = PBXBuildFile; fileRef = F77D29E51F54036A0032227F /* BaseNavigationViewController.swift */; };
		F77D29ED1F54036A0032227F /* BaseFetchTableViewController.swift in Sources */ = {isa = PBXBuildFile; fileRef = F77D29E61F54036A0032227F /* BaseFetchTableViewController.swift */; };
		F77D29F01F54037B0032227F /* LeftMenuViewController.swift in Sources */ = {isa = PBXBuildFile; fileRef = F77D29EE1F54037B0032227F /* LeftMenuViewController.swift */; };
		F77D29F11F54037B0032227F /* LeftMenuTableViewCell.swift in Sources */ = {isa = PBXBuildFile; fileRef = F77D29EF1F54037B0032227F /* LeftMenuTableViewCell.swift */; };
		F77D29F61F54039B0032227F /* SignUpViewController.swift in Sources */ = {isa = PBXBuildFile; fileRef = F77D29F21F54039B0032227F /* SignUpViewController.swift */; };
		F77D29F71F54039B0032227F /* MainNavigationController.swift in Sources */ = {isa = PBXBuildFile; fileRef = F77D29F31F54039B0032227F /* MainNavigationController.swift */; };
		F77D29F81F54039B0032227F /* LoginViewController.swift in Sources */ = {isa = PBXBuildFile; fileRef = F77D29F41F54039B0032227F /* LoginViewController.swift */; };
		F77D29F91F54039B0032227F /* RestorePasswordViewController.swift in Sources */ = {isa = PBXBuildFile; fileRef = F77D29F51F54039B0032227F /* RestorePasswordViewController.swift */; };
		F77D2A031F5403AB0032227F /* ProfileViewController.swift in Sources */ = {isa = PBXBuildFile; fileRef = F77D29FA1F5403AB0032227F /* ProfileViewController.swift */; };
		F77D2A041F5403AB0032227F /* EditProfileViewController.swift in Sources */ = {isa = PBXBuildFile; fileRef = F77D29FB1F5403AB0032227F /* EditProfileViewController.swift */; };
		F77D2A051F5403AB0032227F /* SelectCategoryViewController.swift in Sources */ = {isa = PBXBuildFile; fileRef = F77D29FC1F5403AB0032227F /* SelectCategoryViewController.swift */; };
		F77D2A061F5403AB0032227F /* SelectCategoryTableViewCell.swift in Sources */ = {isa = PBXBuildFile; fileRef = F77D29FD1F5403AB0032227F /* SelectCategoryTableViewCell.swift */; };
		F77D2A071F5403AB0032227F /* SettingViewController.swift in Sources */ = {isa = PBXBuildFile; fileRef = F77D29FE1F5403AB0032227F /* SettingViewController.swift */; };
		F77D2A081F5403AB0032227F /* ThemeViewController.swift in Sources */ = {isa = PBXBuildFile; fileRef = F77D29FF1F5403AB0032227F /* ThemeViewController.swift */; };
		F77D2A091F5403AB0032227F /* MessageViewController.swift in Sources */ = {isa = PBXBuildFile; fileRef = F77D2A001F5403AB0032227F /* MessageViewController.swift */; };
		F77D2A0A1F5403AB0032227F /* ThemeTableViewCell.swift in Sources */ = {isa = PBXBuildFile; fileRef = F77D2A011F5403AB0032227F /* ThemeTableViewCell.swift */; };
		F77D2A0B1F5403AB0032227F /* SettingTableViewCell.swift in Sources */ = {isa = PBXBuildFile; fileRef = F77D2A021F5403AB0032227F /* SettingTableViewCell.swift */; };
		F77D2A0F1F5403BB0032227F /* LaunchScreen.storyboard in Resources */ = {isa = PBXBuildFile; fileRef = F77D2A0C1F5403BB0032227F /* LaunchScreen.storyboard */; };
		F77D2A101F5403BB0032227F /* Main.storyboard in Resources */ = {isa = PBXBuildFile; fileRef = F77D2A0D1F5403BB0032227F /* Main.storyboard */; };
		F77D2A111F5403BB0032227F /* Login.storyboard in Resources */ = {isa = PBXBuildFile; fileRef = F77D2A0E1F5403BB0032227F /* Login.storyboard */; };
		F77D2A171F5403E00032227F /* Info.plist in Resources */ = {isa = PBXBuildFile; fileRef = F77D2A121F5403E00032227F /* Info.plist */; };
		F77D2A191F5403E00032227F /* Assets.xcassets in Resources */ = {isa = PBXBuildFile; fileRef = F77D2A151F5403E00032227F /* Assets.xcassets */; };
		F77D2A1A1F5403E00032227F /* Login.strings in Resources */ = {isa = PBXBuildFile; fileRef = F77D2A161F5403E00032227F /* Login.strings */; };
		F77D2A1E1F5411D40032227F /* Message+CoreDataClass.swift in Sources */ = {isa = PBXBuildFile; fileRef = F77D2A1C1F5411D40032227F /* Message+CoreDataClass.swift */; };
		F77D2A1F1F5411D40032227F /* Message+CoreDataProperties.swift in Sources */ = {isa = PBXBuildFile; fileRef = F77D2A1D1F5411D40032227F /* Message+CoreDataProperties.swift */; };
		F77D2A221F541F5E0032227F /* MessageKind.swift in Sources */ = {isa = PBXBuildFile; fileRef = F77D2A211F541F5E0032227F /* MessageKind.swift */; };
		F77D2A251F54232B0032227F /* ListMessagesViewController.swift in Sources */ = {isa = PBXBuildFile; fileRef = F77D2A241F54232B0032227F /* ListMessagesViewController.swift */; };
		F77D2A271F542D530032227F /* ListMessagesTableViewCell.swift in Sources */ = {isa = PBXBuildFile; fileRef = F77D2A261F542D530032227F /* ListMessagesTableViewCell.swift */; };
		F77D2A291F5434850032227F /* MessageManager.swift in Sources */ = {isa = PBXBuildFile; fileRef = F77D2A281F5434850032227F /* MessageManager.swift */; };
		F77D2A2B1F5440B70032227F /* SyncManager.swift in Sources */ = {isa = PBXBuildFile; fileRef = F77D2A2A1F5440B70032227F /* SyncManager.swift */; };
		F77D2A2F1F55A7270032227F /* UITextView+Extension.swift in Sources */ = {isa = PBXBuildFile; fileRef = F77D2A2E1F55A7270032227F /* UITextView+Extension.swift */; };
		F78031411F4C6CFC00C46751 /* GoogleService-Info.plist in Resources */ = {isa = PBXBuildFile; fileRef = F78031401F4C6CFC00C46751 /* GoogleService-Info.plist */; };
		F783F52D1F486AD5009FC9F3 /* Article+CoreDataClass.swift in Sources */ = {isa = PBXBuildFile; fileRef = F783F5251F486AD5009FC9F3 /* Article+CoreDataClass.swift */; };
		F783F52E1F486AD5009FC9F3 /* Article+CoreDataProperties.swift in Sources */ = {isa = PBXBuildFile; fileRef = F783F5261F486AD5009FC9F3 /* Article+CoreDataProperties.swift */; };
		F783F52F1F486AD5009FC9F3 /* User+CoreDataProperties.swift in Sources */ = {isa = PBXBuildFile; fileRef = F783F5271F486AD5009FC9F3 /* User+CoreDataProperties.swift */; };
		F783F5301F486AD5009FC9F3 /* User+CoreDataClass.swift in Sources */ = {isa = PBXBuildFile; fileRef = F783F5281F486AD5009FC9F3 /* User+CoreDataClass.swift */; };
		F783F5311F486AD5009FC9F3 /* Category+CoreDataClass.swift in Sources */ = {isa = PBXBuildFile; fileRef = F783F5291F486AD5009FC9F3 /* Category+CoreDataClass.swift */; };
		F783F5321F486AD5009FC9F3 /* Category+CoreDataProperties.swift in Sources */ = {isa = PBXBuildFile; fileRef = F783F52A1F486AD5009FC9F3 /* Category+CoreDataProperties.swift */; };
		F783F5331F486AD5009FC9F3 /* Menu+CoreDataProperties.swift in Sources */ = {isa = PBXBuildFile; fileRef = F783F52B1F486AD5009FC9F3 /* Menu+CoreDataProperties.swift */; };
		F783F5341F486AD5009FC9F3 /* Menu+CoreDataClass.swift in Sources */ = {isa = PBXBuildFile; fileRef = F783F52C1F486AD5009FC9F3 /* Menu+CoreDataClass.swift */; };
		F783F5371F486AFD009FC9F3 /* TaxApp.xcdatamodeld in Sources */ = {isa = PBXBuildFile; fileRef = F783F5351F486AFD009FC9F3 /* TaxApp.xcdatamodeld */; };
		F783F53A1F486B19009FC9F3 /* String+Extensions.swift in Sources */ = {isa = PBXBuildFile; fileRef = F783F5381F486B19009FC9F3 /* String+Extensions.swift */; };
		F783F53B1F486B19009FC9F3 /* UIColor+Extensions.swift in Sources */ = {isa = PBXBuildFile; fileRef = F783F5391F486B19009FC9F3 /* UIColor+Extensions.swift */; };
		F783F5401F486E24009FC9F3 /* ListNewsViewController.swift in Sources */ = {isa = PBXBuildFile; fileRef = F783F53C1F486E24009FC9F3 /* ListNewsViewController.swift */; };
		F783F5411F486E24009FC9F3 /* ListNewsTableViewCell.swift in Sources */ = {isa = PBXBuildFile; fileRef = F783F53D1F486E24009FC9F3 /* ListNewsTableViewCell.swift */; };
		F783F5421F486E24009FC9F3 /* WebViewViewController.swift in Sources */ = {isa = PBXBuildFile; fileRef = F783F53E1F486E24009FC9F3 /* WebViewViewController.swift */; };
		F783F5431F486E24009FC9F3 /* DetailNewsViewController.swift in Sources */ = {isa = PBXBuildFile; fileRef = F783F53F1F486E24009FC9F3 /* DetailNewsViewController.swift */; };
		F7F623221F56CEAE00BD52DE /* FileManagerTax.swift in Sources */ = {isa = PBXBuildFile; fileRef = F7F623211F56CEAE00BD52DE /* FileManagerTax.swift */; };
		F7F623261F56F26700BD52DE /* ViewMessageViewController.swift in Sources */ = {isa = PBXBuildFile; fileRef = F7F623251F56F26700BD52DE /* ViewMessageViewController.swift */; };
/* End PBXBuildFile section */

/* Begin PBXFileReference section */
		3EB21A186C238B15727789A6 /* Pods-TaxApp.debug.xcconfig */ = {isa = PBXFileReference; includeInIndex = 1; lastKnownFileType = text.xcconfig; name = "Pods-TaxApp.debug.xcconfig"; path = "Pods/Target Support Files/Pods-TaxApp/Pods-TaxApp.debug.xcconfig"; sourceTree = "<group>"; };
		A5FA477D1F598C5000EAD4D4 /* ConfidentialViewController.swift */ = {isa = PBXFileReference; fileEncoding = 4; lastKnownFileType = sourcecode.swift; path = ConfidentialViewController.swift; sourceTree = "<group>"; };
		A5FA477F1F598CAA00EAD4D4 /* AboutApp.swift */ = {isa = PBXFileReference; fileEncoding = 4; lastKnownFileType = sourcecode.swift; path = AboutApp.swift; sourceTree = "<group>"; };
		A5FA47811F59A4BA00EAD4D4 /* ChangePassword.swift */ = {isa = PBXFileReference; fileEncoding = 4; lastKnownFileType = sourcecode.swift; path = ChangePassword.swift; sourceTree = "<group>"; };
		D461ECED81B82DEE6391736E /* Pods_TaxApp.framework */ = {isa = PBXFileReference; explicitFileType = wrapper.framework; includeInIndex = 0; path = Pods_TaxApp.framework; sourceTree = BUILT_PRODUCTS_DIR; };
		E190B930054C22E3D2CDEDC4 /* Pods-TaxApp.release.xcconfig */ = {isa = PBXFileReference; includeInIndex = 1; lastKnownFileType = text.xcconfig; name = "Pods-TaxApp.release.xcconfig"; path = "Pods/Target Support Files/Pods-TaxApp/Pods-TaxApp.release.xcconfig"; sourceTree = "<group>"; };
		F70DC4481F38B5A10006773E /* TaxApp.entitlements */ = {isa = PBXFileReference; lastKnownFileType = text.plist.entitlements; name = TaxApp.entitlements; path = ../TaxApp.entitlements; sourceTree = "<group>"; };
		F71CF6701F6939340096860F /* English.storyboard */ = {isa = PBXFileReference; fileEncoding = 4; lastKnownFileType = file.storyboard; path = English.storyboard; sourceTree = "<group>"; };
		F71CF6721F6970F50096860F /* BaseFetchCollectionViewController.swift */ = {isa = PBXFileReference; fileEncoding = 4; lastKnownFileType = sourcecode.swift; path = BaseFetchCollectionViewController.swift; sourceTree = "<group>"; };
		F71CF6751F6972D10096860F /* ListEnglishViewController.swift */ = {isa = PBXFileReference; fileEncoding = 4; lastKnownFileType = sourcecode.swift; path = ListEnglishViewController.swift; sourceTree = "<group>"; };
		F71CF6771F697AA20096860F /* MenuEnglish+CoreDataClass.swift */ = {isa = PBXFileReference; fileEncoding = 4; lastKnownFileType = sourcecode.swift; path = "MenuEnglish+CoreDataClass.swift"; sourceTree = "<group>"; };
		F71CF6781F697AA20096860F /* MenuEnglish+CoreDataProperties.swift */ = {isa = PBXFileReference; fileEncoding = 4; lastKnownFileType = sourcecode.swift; path = "MenuEnglish+CoreDataProperties.swift"; sourceTree = "<group>"; };
		F73EB0C81F6A854800B39931 /* MenuEnglishManager.swift */ = {isa = PBXFileReference; fileEncoding = 4; lastKnownFileType = sourcecode.swift; path = MenuEnglishManager.swift; sourceTree = "<group>"; };
		F73EB0CA1F6AA27600B39931 /* ListEnglishCollectionViewCell.swift */ = {isa = PBXFileReference; fileEncoding = 4; lastKnownFileType = sourcecode.swift; path = ListEnglishCollectionViewCell.swift; sourceTree = "<group>"; };
		F73EB0CC1F6AB31100B39931 /* SubMenuEnglish+CoreDataClass.swift */ = {isa = PBXFileReference; fileEncoding = 4; lastKnownFileType = sourcecode.swift; path = "SubMenuEnglish+CoreDataClass.swift"; sourceTree = "<group>"; };
		F73EB0CD1F6AB31100B39931 /* SubMenuEnglish+CoreDataProperties.swift */ = {isa = PBXFileReference; fileEncoding = 4; lastKnownFileType = sourcecode.swift; path = "SubMenuEnglish+CoreDataProperties.swift"; sourceTree = "<group>"; };
		F77257D31F5762C4004D0C79 /* ViewMessageTableViewCell.swift */ = {isa = PBXFileReference; fileEncoding = 4; lastKnownFileType = sourcecode.swift; path = ViewMessageTableViewCell.swift; sourceTree = "<group>"; };
		F77D29B81F5401960032227F /* Notification+CoreDataClass.swift */ = {isa = PBXFileReference; fileEncoding = 4; lastKnownFileType = sourcecode.swift; path = "Notification+CoreDataClass.swift"; sourceTree = "<group>"; };
		F77D29B91F5401960032227F /* Notification+CoreDataProperties.swift */ = {isa = PBXFileReference; fileEncoding = 4; lastKnownFileType = sourcecode.swift; path = "Notification+CoreDataProperties.swift"; sourceTree = "<group>"; };
		F77D29BC1F5402290032227F /* NotificationKind.swift */ = {isa = PBXFileReference; fileEncoding = 4; lastKnownFileType = sourcecode.swift; path = NotificationKind.swift; sourceTree = "<group>"; };
		F77D29C01F5402C20032227F /* ArticleManager.swift */ = {isa = PBXFileReference; fileEncoding = 4; lastKnownFileType = sourcecode.swift; path = ArticleManager.swift; sourceTree = "<group>"; };
		F77D29C11F5402C20032227F /* ConfigAPI.swift */ = {isa = PBXFileReference; fileEncoding = 4; lastKnownFileType = sourcecode.swift; path = ConfigAPI.swift; sourceTree = "<group>"; };
		F77D29C21F5402C20032227F /* UserManager.swift */ = {isa = PBXFileReference; fileEncoding = 4; lastKnownFileType = sourcecode.swift; path = UserManager.swift; sourceTree = "<group>"; };
		F77D29C31F5402C20032227F /* ImageManager.swift */ = {isa = PBXFileReference; fileEncoding = 4; lastKnownFileType = sourcecode.swift; path = ImageManager.swift; sourceTree = "<group>"; };
		F77D29C41F5402C20032227F /* AuthorizationManager.swift */ = {isa = PBXFileReference; fileEncoding = 4; lastKnownFileType = sourcecode.swift; path = AuthorizationManager.swift; sourceTree = "<group>"; };
		F77D29C51F5402C20032227F /* CategoryManager.swift */ = {isa = PBXFileReference; fileEncoding = 4; lastKnownFileType = sourcecode.swift; path = CategoryManager.swift; sourceTree = "<group>"; };
		F77D29C61F5402C20032227F /* MenuManager.swift */ = {isa = PBXFileReference; fileEncoding = 4; lastKnownFileType = sourcecode.swift; path = MenuManager.swift; sourceTree = "<group>"; };
		F77D29C71F5402C20032227F /* DateManager.swift */ = {isa = PBXFileReference; fileEncoding = 4; lastKnownFileType = sourcecode.swift; path = DateManager.swift; sourceTree = "<group>"; };
		F77D29C81F5402C20032227F /* ThemeManager.swift */ = {isa = PBXFileReference; fileEncoding = 4; lastKnownFileType = sourcecode.swift; path = ThemeManager.swift; sourceTree = "<group>"; };
		F77D29C91F5402C20032227F /* ColorManager.swift */ = {isa = PBXFileReference; fileEncoding = 4; lastKnownFileType = sourcecode.swift; path = ColorManager.swift; sourceTree = "<group>"; };
		F77D29CA1F5402C20032227F /* AppDataManager.swift */ = {isa = PBXFileReference; fileEncoding = 4; lastKnownFileType = sourcecode.swift; path = AppDataManager.swift; sourceTree = "<group>"; };
		F77D29CB1F5402C20032227F /* CoreDataManager.swift */ = {isa = PBXFileReference; fileEncoding = 4; lastKnownFileType = sourcecode.swift; path = CoreDataManager.swift; sourceTree = "<group>"; };
		F77D29CC1F5402C20032227F /* MessagerManager.swift */ = {isa = PBXFileReference; fileEncoding = 4; lastKnownFileType = sourcecode.swift; path = MessagerManager.swift; sourceTree = "<group>"; };
		F77D29DA1F5402F40032227F /* NotificationManager.swift */ = {isa = PBXFileReference; fileEncoding = 4; lastKnownFileType = sourcecode.swift; path = NotificationManager.swift; sourceTree = "<group>"; };
		F77D29DC1F54030D0032227F /* AppDataManager+Theme.swift */ = {isa = PBXFileReference; fileEncoding = 4; lastKnownFileType = sourcecode.swift; path = "AppDataManager+Theme.swift"; sourceTree = "<group>"; };
		F77D29DE1F5403580032227F /* AppDelegate.swift */ = {isa = PBXFileReference; fileEncoding = 4; lastKnownFileType = sourcecode.swift; path = AppDelegate.swift; sourceTree = "<group>"; };
		F77D29E01F54036A0032227F /* BaseImageViewController.swift */ = {isa = PBXFileReference; fileEncoding = 4; lastKnownFileType = sourcecode.swift; path = BaseImageViewController.swift; sourceTree = "<group>"; };
		F77D29E11F54036A0032227F /* BaseViewController.swift */ = {isa = PBXFileReference; fileEncoding = 4; lastKnownFileType = sourcecode.swift; path = BaseViewController.swift; sourceTree = "<group>"; };
		F77D29E21F54036A0032227F /* BaseLabelTableViewCell.swift */ = {isa = PBXFileReference; fileEncoding = 4; lastKnownFileType = sourcecode.swift; path = BaseLabelTableViewCell.swift; sourceTree = "<group>"; };
		F77D29E31F54036A0032227F /* BaseFieldTableViewCell.swift */ = {isa = PBXFileReference; fileEncoding = 4; lastKnownFileType = sourcecode.swift; path = BaseFieldTableViewCell.swift; sourceTree = "<group>"; };
		F77D29E41F54036A0032227F /* BaseFetchViewController.swift */ = {isa = PBXFileReference; fileEncoding = 4; lastKnownFileType = sourcecode.swift; path = BaseFetchViewController.swift; sourceTree = "<group>"; };
		F77D29E51F54036A0032227F /* BaseNavigationViewController.swift */ = {isa = PBXFileReference; fileEncoding = 4; lastKnownFileType = sourcecode.swift; path = BaseNavigationViewController.swift; sourceTree = "<group>"; };
		F77D29E61F54036A0032227F /* BaseFetchTableViewController.swift */ = {isa = PBXFileReference; fileEncoding = 4; lastKnownFileType = sourcecode.swift; path = BaseFetchTableViewController.swift; sourceTree = "<group>"; };
		F77D29EE1F54037B0032227F /* LeftMenuViewController.swift */ = {isa = PBXFileReference; fileEncoding = 4; lastKnownFileType = sourcecode.swift; path = LeftMenuViewController.swift; sourceTree = "<group>"; };
		F77D29EF1F54037B0032227F /* LeftMenuTableViewCell.swift */ = {isa = PBXFileReference; fileEncoding = 4; lastKnownFileType = sourcecode.swift; path = LeftMenuTableViewCell.swift; sourceTree = "<group>"; };
		F77D29F21F54039B0032227F /* SignUpViewController.swift */ = {isa = PBXFileReference; fileEncoding = 4; lastKnownFileType = sourcecode.swift; path = SignUpViewController.swift; sourceTree = "<group>"; };
		F77D29F31F54039B0032227F /* MainNavigationController.swift */ = {isa = PBXFileReference; fileEncoding = 4; lastKnownFileType = sourcecode.swift; path = MainNavigationController.swift; sourceTree = "<group>"; };
		F77D29F41F54039B0032227F /* LoginViewController.swift */ = {isa = PBXFileReference; fileEncoding = 4; lastKnownFileType = sourcecode.swift; path = LoginViewController.swift; sourceTree = "<group>"; };
		F77D29F51F54039B0032227F /* RestorePasswordViewController.swift */ = {isa = PBXFileReference; fileEncoding = 4; lastKnownFileType = sourcecode.swift; path = RestorePasswordViewController.swift; sourceTree = "<group>"; };
		F77D29FA1F5403AB0032227F /* ProfileViewController.swift */ = {isa = PBXFileReference; fileEncoding = 4; lastKnownFileType = sourcecode.swift; path = ProfileViewController.swift; sourceTree = "<group>"; };
		F77D29FB1F5403AB0032227F /* EditProfileViewController.swift */ = {isa = PBXFileReference; fileEncoding = 4; lastKnownFileType = sourcecode.swift; path = EditProfileViewController.swift; sourceTree = "<group>"; };
		F77D29FC1F5403AB0032227F /* SelectCategoryViewController.swift */ = {isa = PBXFileReference; fileEncoding = 4; lastKnownFileType = sourcecode.swift; path = SelectCategoryViewController.swift; sourceTree = "<group>"; };
		F77D29FD1F5403AB0032227F /* SelectCategoryTableViewCell.swift */ = {isa = PBXFileReference; fileEncoding = 4; lastKnownFileType = sourcecode.swift; path = SelectCategoryTableViewCell.swift; sourceTree = "<group>"; };
		F77D29FE1F5403AB0032227F /* SettingViewController.swift */ = {isa = PBXFileReference; fileEncoding = 4; lastKnownFileType = sourcecode.swift; path = SettingViewController.swift; sourceTree = "<group>"; };
		F77D29FF1F5403AB0032227F /* ThemeViewController.swift */ = {isa = PBXFileReference; fileEncoding = 4; lastKnownFileType = sourcecode.swift; path = ThemeViewController.swift; sourceTree = "<group>"; };
		F77D2A001F5403AB0032227F /* MessageViewController.swift */ = {isa = PBXFileReference; fileEncoding = 4; lastKnownFileType = sourcecode.swift; path = MessageViewController.swift; sourceTree = "<group>"; };
		F77D2A011F5403AB0032227F /* ThemeTableViewCell.swift */ = {isa = PBXFileReference; fileEncoding = 4; lastKnownFileType = sourcecode.swift; path = ThemeTableViewCell.swift; sourceTree = "<group>"; };
		F77D2A021F5403AB0032227F /* SettingTableViewCell.swift */ = {isa = PBXFileReference; fileEncoding = 4; lastKnownFileType = sourcecode.swift; path = SettingTableViewCell.swift; sourceTree = "<group>"; };
		F77D2A0C1F5403BB0032227F /* LaunchScreen.storyboard */ = {isa = PBXFileReference; fileEncoding = 4; lastKnownFileType = file.storyboard; path = LaunchScreen.storyboard; sourceTree = "<group>"; };
		F77D2A0D1F5403BB0032227F /* Main.storyboard */ = {isa = PBXFileReference; fileEncoding = 4; lastKnownFileType = file.storyboard; path = Main.storyboard; sourceTree = "<group>"; };
		F77D2A0E1F5403BB0032227F /* Login.storyboard */ = {isa = PBXFileReference; fileEncoding = 4; lastKnownFileType = file.storyboard; path = Login.storyboard; sourceTree = "<group>"; };
		F77D2A121F5403E00032227F /* Info.plist */ = {isa = PBXFileReference; fileEncoding = 4; lastKnownFileType = text.plist.xml; path = Info.plist; sourceTree = "<group>"; };
		F77D2A151F5403E00032227F /* Assets.xcassets */ = {isa = PBXFileReference; lastKnownFileType = folder.assetcatalog; path = Assets.xcassets; sourceTree = "<group>"; };
		F77D2A161F5403E00032227F /* Login.strings */ = {isa = PBXFileReference; fileEncoding = 4; lastKnownFileType = text.plist.strings; path = Login.strings; sourceTree = "<group>"; };
		F77D2A1C1F5411D40032227F /* Message+CoreDataClass.swift */ = {isa = PBXFileReference; fileEncoding = 4; lastKnownFileType = sourcecode.swift; path = "Message+CoreDataClass.swift"; sourceTree = "<group>"; };
		F77D2A1D1F5411D40032227F /* Message+CoreDataProperties.swift */ = {isa = PBXFileReference; fileEncoding = 4; lastKnownFileType = sourcecode.swift; path = "Message+CoreDataProperties.swift"; sourceTree = "<group>"; };
		F77D2A211F541F5E0032227F /* MessageKind.swift */ = {isa = PBXFileReference; fileEncoding = 4; lastKnownFileType = sourcecode.swift; path = MessageKind.swift; sourceTree = "<group>"; };
		F77D2A241F54232B0032227F /* ListMessagesViewController.swift */ = {isa = PBXFileReference; fileEncoding = 4; lastKnownFileType = sourcecode.swift; path = ListMessagesViewController.swift; sourceTree = "<group>"; };
		F77D2A261F542D530032227F /* ListMessagesTableViewCell.swift */ = {isa = PBXFileReference; fileEncoding = 4; lastKnownFileType = sourcecode.swift; path = ListMessagesTableViewCell.swift; sourceTree = "<group>"; };
		F77D2A281F5434850032227F /* MessageManager.swift */ = {isa = PBXFileReference; fileEncoding = 4; lastKnownFileType = sourcecode.swift; path = MessageManager.swift; sourceTree = "<group>"; };
		F77D2A2A1F5440B70032227F /* SyncManager.swift */ = {isa = PBXFileReference; fileEncoding = 4; lastKnownFileType = sourcecode.swift; path = SyncManager.swift; sourceTree = "<group>"; };
		F77D2A2E1F55A7270032227F /* UITextView+Extension.swift */ = {isa = PBXFileReference; fileEncoding = 4; lastKnownFileType = sourcecode.swift; path = "UITextView+Extension.swift"; sourceTree = "<group>"; };
		F78031401F4C6CFC00C46751 /* GoogleService-Info.plist */ = {isa = PBXFileReference; fileEncoding = 4; lastKnownFileType = text.plist.xml; path = "GoogleService-Info.plist"; sourceTree = "<group>"; };
		F783F5251F486AD5009FC9F3 /* Article+CoreDataClass.swift */ = {isa = PBXFileReference; fileEncoding = 4; lastKnownFileType = sourcecode.swift; path = "Article+CoreDataClass.swift"; sourceTree = "<group>"; };
		F783F5261F486AD5009FC9F3 /* Article+CoreDataProperties.swift */ = {isa = PBXFileReference; fileEncoding = 4; lastKnownFileType = sourcecode.swift; path = "Article+CoreDataProperties.swift"; sourceTree = "<group>"; };
		F783F5271F486AD5009FC9F3 /* User+CoreDataProperties.swift */ = {isa = PBXFileReference; fileEncoding = 4; lastKnownFileType = sourcecode.swift; path = "User+CoreDataProperties.swift"; sourceTree = "<group>"; };
		F783F5281F486AD5009FC9F3 /* User+CoreDataClass.swift */ = {isa = PBXFileReference; fileEncoding = 4; lastKnownFileType = sourcecode.swift; path = "User+CoreDataClass.swift"; sourceTree = "<group>"; };
		F783F5291F486AD5009FC9F3 /* Category+CoreDataClass.swift */ = {isa = PBXFileReference; fileEncoding = 4; lastKnownFileType = sourcecode.swift; path = "Category+CoreDataClass.swift"; sourceTree = "<group>"; };
		F783F52A1F486AD5009FC9F3 /* Category+CoreDataProperties.swift */ = {isa = PBXFileReference; fileEncoding = 4; lastKnownFileType = sourcecode.swift; path = "Category+CoreDataProperties.swift"; sourceTree = "<group>"; };
		F783F52B1F486AD5009FC9F3 /* Menu+CoreDataProperties.swift */ = {isa = PBXFileReference; fileEncoding = 4; lastKnownFileType = sourcecode.swift; path = "Menu+CoreDataProperties.swift"; sourceTree = "<group>"; };
		F783F52C1F486AD5009FC9F3 /* Menu+CoreDataClass.swift */ = {isa = PBXFileReference; fileEncoding = 4; lastKnownFileType = sourcecode.swift; path = "Menu+CoreDataClass.swift"; sourceTree = "<group>"; };
		F783F5361F486AFD009FC9F3 /* TaxApp.xcdatamodel */ = {isa = PBXFileReference; lastKnownFileType = wrapper.xcdatamodel; path = TaxApp.xcdatamodel; sourceTree = "<group>"; };
		F783F5381F486B19009FC9F3 /* String+Extensions.swift */ = {isa = PBXFileReference; fileEncoding = 4; lastKnownFileType = sourcecode.swift; path = "String+Extensions.swift"; sourceTree = "<group>"; };
		F783F5391F486B19009FC9F3 /* UIColor+Extensions.swift */ = {isa = PBXFileReference; fileEncoding = 4; lastKnownFileType = sourcecode.swift; path = "UIColor+Extensions.swift"; sourceTree = "<group>"; };
		F783F53C1F486E24009FC9F3 /* ListNewsViewController.swift */ = {isa = PBXFileReference; fileEncoding = 4; lastKnownFileType = sourcecode.swift; path = ListNewsViewController.swift; sourceTree = "<group>"; };
		F783F53D1F486E24009FC9F3 /* ListNewsTableViewCell.swift */ = {isa = PBXFileReference; fileEncoding = 4; lastKnownFileType = sourcecode.swift; path = ListNewsTableViewCell.swift; sourceTree = "<group>"; };
		F783F53E1F486E24009FC9F3 /* WebViewViewController.swift */ = {isa = PBXFileReference; fileEncoding = 4; lastKnownFileType = sourcecode.swift; path = WebViewViewController.swift; sourceTree = "<group>"; };
		F783F53F1F486E24009FC9F3 /* DetailNewsViewController.swift */ = {isa = PBXFileReference; fileEncoding = 4; lastKnownFileType = sourcecode.swift; path = DetailNewsViewController.swift; sourceTree = "<group>"; };
		F7B42BB61F2F63D6007632BC /* TaxApp.app */ = {isa = PBXFileReference; explicitFileType = wrapper.application; includeInIndex = 0; path = TaxApp.app; sourceTree = BUILT_PRODUCTS_DIR; };
		F7F623211F56CEAE00BD52DE /* FileManagerTax.swift */ = {isa = PBXFileReference; fileEncoding = 4; lastKnownFileType = sourcecode.swift; path = FileManagerTax.swift; sourceTree = "<group>"; };
		F7F623251F56F26700BD52DE /* ViewMessageViewController.swift */ = {isa = PBXFileReference; fileEncoding = 4; lastKnownFileType = sourcecode.swift; path = ViewMessageViewController.swift; sourceTree = "<group>"; };
/* End PBXFileReference section */

/* Begin PBXFrameworksBuildPhase section */
		F7B42BB31F2F63D6007632BC /* Frameworks */ = {
			isa = PBXFrameworksBuildPhase;
			buildActionMask = 2147483647;
			files = (
				7E905BBC3131641B573B3B22 /* Pods_TaxApp.framework in Frameworks */,
			);
			runOnlyForDeploymentPostprocessing = 0;
		};
/* End PBXFrameworksBuildPhase section */

/* Begin PBXGroup section */
		10D1882F7C9F336B71744401 /* Frameworks */ = {
			isa = PBXGroup;
			children = (
				D461ECED81B82DEE6391736E /* Pods_TaxApp.framework */,
			);
			name = Frameworks;
			sourceTree = "<group>";
		};
		52817768A9CCCD860397AE24 /* Pods */ = {
			isa = PBXGroup;
			children = (
				3EB21A186C238B15727789A6 /* Pods-TaxApp.debug.xcconfig */,
				E190B930054C22E3D2CDEDC4 /* Pods-TaxApp.release.xcconfig */,
			);
			name = Pods;
			sourceTree = "<group>";
		};
		F71CF6741F69723F0096860F /* English */ = {
			isa = PBXGroup;
			children = (
				F71CF6751F6972D10096860F /* ListEnglishViewController.swift */,
				F73EB0CA1F6AA27600B39931 /* ListEnglishCollectionViewCell.swift */,
			);
			path = English;
			sourceTree = "<group>";
		};
		F74F774B1F30A2470006FCD7 /* Login */ = {
			isa = PBXGroup;
			children = (
				F77D29F21F54039B0032227F /* SignUpViewController.swift */,
				F77D29F31F54039B0032227F /* MainNavigationController.swift */,
				F77D29F41F54039B0032227F /* LoginViewController.swift */,
				F77D29F51F54039B0032227F /* RestorePasswordViewController.swift */,
			);
			path = Login;
			sourceTree = "<group>";
		};
		F74F774E1F30B4B30006FCD7 /* BaseViewControllers */ = {
			isa = PBXGroup;
			children = (
				F77D29E01F54036A0032227F /* BaseImageViewController.swift */,
				F77D29E11F54036A0032227F /* BaseViewController.swift */,
				F77D29E21F54036A0032227F /* BaseLabelTableViewCell.swift */,
				F77D29E31F54036A0032227F /* BaseFieldTableViewCell.swift */,
				F77D29E41F54036A0032227F /* BaseFetchViewController.swift */,
				F77D29E51F54036A0032227F /* BaseNavigationViewController.swift */,
				F77D29E61F54036A0032227F /* BaseFetchTableViewController.swift */,
				F71CF6721F6970F50096860F /* BaseFetchCollectionViewController.swift */,
			);
			name = BaseViewControllers;
			path = Base;
			sourceTree = "<group>";
		};
		F77D2A201F541F390032227F /* enums */ = {
			isa = PBXGroup;
			children = (
				F77D29BC1F5402290032227F /* NotificationKind.swift */,
				F77D2A211F541F5E0032227F /* MessageKind.swift */,
			);
			name = enums;
			sourceTree = "<group>";
		};
		F77D2A231F5422F50032227F /* Message */ = {
			isa = PBXGroup;
			children = (
				F77D2A241F54232B0032227F /* ListMessagesViewController.swift */,
				F77D2A261F542D530032227F /* ListMessagesTableViewCell.swift */,
				F7F623251F56F26700BD52DE /* ViewMessageViewController.swift */,
				F77257D31F5762C4004D0C79 /* ViewMessageTableViewCell.swift */,
			);
			path = Message;
			sourceTree = "<group>";
		};
		F77EF5CE1F3F52AD00C85957 /* Profile&Setting */ = {
			isa = PBXGroup;
			children = (
				F77D29FA1F5403AB0032227F /* ProfileViewController.swift */,
				F77D29FB1F5403AB0032227F /* EditProfileViewController.swift */,
				F77D29FC1F5403AB0032227F /* SelectCategoryViewController.swift */,
				F77D29FD1F5403AB0032227F /* SelectCategoryTableViewCell.swift */,
				F77D29FE1F5403AB0032227F /* SettingViewController.swift */,
				F77D29FF1F5403AB0032227F /* ThemeViewController.swift */,
				F77D2A001F5403AB0032227F /* MessageViewController.swift */,
				F77D2A011F5403AB0032227F /* ThemeTableViewCell.swift */,
				F77D2A021F5403AB0032227F /* SettingTableViewCell.swift */,
				A5FA477D1F598C5000EAD4D4 /* ConfidentialViewController.swift */,
				A5FA47811F59A4BA00EAD4D4 /* ChangePassword.swift */,
				A5FA477F1F598CAA00EAD4D4 /* AboutApp.swift */,
			);
			name = "Profile&Setting";
			path = Profile;
			sourceTree = "<group>";
		};
		F7829BBC1F3104250057EBA5 /* Managers */ = {
			isa = PBXGroup;
			children = (
				F7BDB5491F45840200F05CE6 /* AppDataMenager */,
				F77D29CB1F5402C20032227F /* CoreDataManager.swift */,
				F77D29C11F5402C20032227F /* ConfigAPI.swift */,
				F77D29DA1F5402F40032227F /* NotificationManager.swift */,
				F77D29C01F5402C20032227F /* ArticleManager.swift */,
				F77D29C21F5402C20032227F /* UserManager.swift */,
				F77D29C31F5402C20032227F /* ImageManager.swift */,
				F77D29C41F5402C20032227F /* AuthorizationManager.swift */,
				F77D29C51F5402C20032227F /* CategoryManager.swift */,
				F77D29C61F5402C20032227F /* MenuManager.swift */,
				F73EB0C81F6A854800B39931 /* MenuEnglishManager.swift */,
				F77D29C71F5402C20032227F /* DateManager.swift */,
				F77D29C81F5402C20032227F /* ThemeManager.swift */,
				F77D29C91F5402C20032227F /* ColorManager.swift */,
				F77D29CC1F5402C20032227F /* MessagerManager.swift */,
				F77D2A281F5434850032227F /* MessageManager.swift */,
				F77D2A2A1F5440B70032227F /* SyncManager.swift */,
				F7F623211F56CEAE00BD52DE /* FileManagerTax.swift */,
			);
			name = Managers;
			path = TaxApp/Managers;
			sourceTree = "<group>";
		};
		F7829BBF1F310B660057EBA5 /* Model */ = {
			isa = PBXGroup;
			children = (
				F77D2A201F541F390032227F /* enums */,
				F77D2A1C1F5411D40032227F /* Message+CoreDataClass.swift */,
				F77D2A1D1F5411D40032227F /* Message+CoreDataProperties.swift */,
				F77D29B81F5401960032227F /* Notification+CoreDataClass.swift */,
				F77D29B91F5401960032227F /* Notification+CoreDataProperties.swift */,
				F783F5251F486AD5009FC9F3 /* Article+CoreDataClass.swift */,
				F783F5261F486AD5009FC9F3 /* Article+CoreDataProperties.swift */,
				F783F5281F486AD5009FC9F3 /* User+CoreDataClass.swift */,
				F783F5271F486AD5009FC9F3 /* User+CoreDataProperties.swift */,
				F783F5291F486AD5009FC9F3 /* Category+CoreDataClass.swift */,
				F783F52A1F486AD5009FC9F3 /* Category+CoreDataProperties.swift */,
				F783F52C1F486AD5009FC9F3 /* Menu+CoreDataClass.swift */,
				F783F52B1F486AD5009FC9F3 /* Menu+CoreDataProperties.swift */,
				F71CF6771F697AA20096860F /* MenuEnglish+CoreDataClass.swift */,
				F71CF6781F697AA20096860F /* MenuEnglish+CoreDataProperties.swift */,
				F73EB0CC1F6AB31100B39931 /* SubMenuEnglish+CoreDataClass.swift */,
				F73EB0CD1F6AB31100B39931 /* SubMenuEnglish+CoreDataProperties.swift */,
				F783F5351F486AFD009FC9F3 /* TaxApp.xcdatamodeld */,
			);
			name = Model;
			path = TaxApp/Model;
			sourceTree = "<group>";
		};
		F78D97221F3F253E00AB00E0 /* Extensions */ = {
			isa = PBXGroup;
			children = (
				F783F5381F486B19009FC9F3 /* String+Extensions.swift */,
				F783F5391F486B19009FC9F3 /* UIColor+Extensions.swift */,
				F77D2A2E1F55A7270032227F /* UITextView+Extension.swift */,
			);
			name = Extensions;
			path = TaxApp/Extensions;
			sourceTree = "<group>";
		};
		F7A8EAE41F31CCA800FA584E /* Menu */ = {
			isa = PBXGroup;
			children = (
				F77D29EE1F54037B0032227F /* LeftMenuViewController.swift */,
				F77D29EF1F54037B0032227F /* LeftMenuTableViewCell.swift */,
			);
			path = Menu;
			sourceTree = "<group>";
		};
		F7A8EAE51F31D5FD00FA584E /* News */ = {
			isa = PBXGroup;
			children = (
				F783F53C1F486E24009FC9F3 /* ListNewsViewController.swift */,
				F783F53D1F486E24009FC9F3 /* ListNewsTableViewCell.swift */,
				F783F53E1F486E24009FC9F3 /* WebViewViewController.swift */,
				F783F53F1F486E24009FC9F3 /* DetailNewsViewController.swift */,
			);
			path = News;
			sourceTree = "<group>";
		};
		F7B42BAD1F2F63D6007632BC = {
			isa = PBXGroup;
			children = (
				F78031401F4C6CFC00C46751 /* GoogleService-Info.plist */,
				F78D97221F3F253E00AB00E0 /* Extensions */,
				F7829BBF1F310B660057EBA5 /* Model */,
				F7829BBC1F3104250057EBA5 /* Managers */,
				F7B42BCD1F2F6A42007632BC /* Classes */,
				F7B42BCC1F2F6A0A007632BC /* Storyboards */,
				F7B42BCB1F2F696A007632BC /* Resources */,
				F7B42BB71F2F63D6007632BC /* Products */,
				52817768A9CCCD860397AE24 /* Pods */,
				10D1882F7C9F336B71744401 /* Frameworks */,
			);
			sourceTree = "<group>";
		};
		F7B42BB71F2F63D6007632BC /* Products */ = {
			isa = PBXGroup;
			children = (
				F7B42BB61F2F63D6007632BC /* TaxApp.app */,
			);
			name = Products;
			sourceTree = "<group>";
		};
		F7B42BCB1F2F696A007632BC /* Resources */ = {
			isa = PBXGroup;
			children = (
				F77D2A121F5403E00032227F /* Info.plist */,
				F77D2A151F5403E00032227F /* Assets.xcassets */,
				F77D2A161F5403E00032227F /* Login.strings */,
				F70DC4481F38B5A10006773E /* TaxApp.entitlements */,
			);
			name = Resources;
			path = TaxApp/Resurses;
			sourceTree = "<group>";
		};
		F7B42BCC1F2F6A0A007632BC /* Storyboards */ = {
			isa = PBXGroup;
			children = (
				F77D2A0E1F5403BB0032227F /* Login.storyboard */,
				F77D2A0C1F5403BB0032227F /* LaunchScreen.storyboard */,
				F77D2A0D1F5403BB0032227F /* Main.storyboard */,
				F71CF6701F6939340096860F /* English.storyboard */,
			);
			name = Storyboards;
			path = TaxApp/Storyboards;
			sourceTree = "<group>";
		};
		F7B42BCD1F2F6A42007632BC /* Classes */ = {
			isa = PBXGroup;
			children = (
				F77D29DE1F5403580032227F /* AppDelegate.swift */,
				F74F774E1F30B4B30006FCD7 /* BaseViewControllers */,
				F7A8EAE41F31CCA800FA584E /* Menu */,
				F7A8EAE51F31D5FD00FA584E /* News */,
				F77D2A231F5422F50032227F /* Message */,
				F74F774B1F30A2470006FCD7 /* Login */,
				F77EF5CE1F3F52AD00C85957 /* Profile&Setting */,
				F71CF6741F69723F0096860F /* English */,
			);
			name = Classes;
			path = TaxApp/Classes;
			sourceTree = "<group>";
		};
		F7BDB5491F45840200F05CE6 /* AppDataMenager */ = {
			isa = PBXGroup;
			children = (
				F77D29CA1F5402C20032227F /* AppDataManager.swift */,
				F77D29DC1F54030D0032227F /* AppDataManager+Theme.swift */,
			);
			name = AppDataMenager;
			sourceTree = "<group>";
		};
/* End PBXGroup section */

/* Begin PBXNativeTarget section */
		F7B42BB51F2F63D6007632BC /* TaxApp */ = {
			isa = PBXNativeTarget;
			buildConfigurationList = F7B42BC81F2F63D6007632BC /* Build configuration list for PBXNativeTarget "TaxApp" */;
			buildPhases = (
				ABAD73C9EA512AE72AE73C5E /* [CP] Check Pods Manifest.lock */,
				F7B42BB21F2F63D6007632BC /* Sources */,
				F7B42BB31F2F63D6007632BC /* Frameworks */,
				F7B42BB41F2F63D6007632BC /* Resources */,
				3641AC731C68AA03CC759636 /* [CP] Embed Pods Frameworks */,
				EC746EF85459167511D1456E /* [CP] Copy Pods Resources */,
			);
			buildRules = (
			);
			dependencies = (
			);
			name = TaxApp;
			productName = TaxApp;
			productReference = F7B42BB61F2F63D6007632BC /* TaxApp.app */;
			productType = "com.apple.product-type.application";
		};
/* End PBXNativeTarget section */

/* Begin PBXProject section */
		F7B42BAE1F2F63D6007632BC /* Project object */ = {
			isa = PBXProject;
			attributes = {
				LastSwiftUpdateCheck = 0830;
				LastUpgradeCheck = 0830;
				ORGANIZATIONNAME = "Sergey Leskov";
				TargetAttributes = {
					F7B42BB51F2F63D6007632BC = {
						CreatedOnToolsVersion = 8.3.3;
						DevelopmentTeam = EG6AMXNLL4;
						ProvisioningStyle = Automatic;
						SystemCapabilities = {
							com.apple.BackgroundModes = {
								enabled = 1;
							};
							com.apple.Keychain = {
								enabled = 1;
							};
							com.apple.Push = {
								enabled = 1;
							};
						};
					};
				};
			};
			buildConfigurationList = F7B42BB11F2F63D6007632BC /* Build configuration list for PBXProject "TaxApp" */;
			compatibilityVersion = "Xcode 3.2";
			developmentRegion = English;
			hasScannedForEncodings = 0;
			knownRegions = (
				Base,
				en,
			);
			mainGroup = F7B42BAD1F2F63D6007632BC;
			productRefGroup = F7B42BB71F2F63D6007632BC /* Products */;
			projectDirPath = "";
			projectRoot = "";
			targets = (
				F7B42BB51F2F63D6007632BC /* TaxApp */,
			);
		};
/* End PBXProject section */

/* Begin PBXResourcesBuildPhase section */
		F7B42BB41F2F63D6007632BC /* Resources */ = {
			isa = PBXResourcesBuildPhase;
			buildActionMask = 2147483647;
			files = (
				F77D2A101F5403BB0032227F /* Main.storyboard in Resources */,
				F77D2A0F1F5403BB0032227F /* LaunchScreen.storyboard in Resources */,
				F77D2A1A1F5403E00032227F /* Login.strings in Resources */,
				F71CF6711F6939340096860F /* English.storyboard in Resources */,
				F78031411F4C6CFC00C46751 /* GoogleService-Info.plist in Resources */,
				F77D2A111F5403BB0032227F /* Login.storyboard in Resources */,
				F77D2A191F5403E00032227F /* Assets.xcassets in Resources */,
				F77D2A171F5403E00032227F /* Info.plist in Resources */,
			);
			runOnlyForDeploymentPostprocessing = 0;
		};
/* End PBXResourcesBuildPhase section */

/* Begin PBXShellScriptBuildPhase section */
		3641AC731C68AA03CC759636 /* [CP] Embed Pods Frameworks */ = {
			isa = PBXShellScriptBuildPhase;
			buildActionMask = 2147483647;
			files = (
			);
			inputPaths = (
				"${SRCROOT}/Pods/Target Support Files/Pods-TaxApp/Pods-TaxApp-frameworks.sh",
				"${BUILT_PRODUCTS_DIR}/Alamofire/Alamofire.framework",
				"${BUILT_PRODUCTS_DIR}/Bolts/Bolts.framework",
				"${BUILT_PRODUCTS_DIR}/DatePickerDialog/DatePickerDialog.framework",
				"${BUILT_PRODUCTS_DIR}/FBSDKCoreKit/FBSDKCoreKit.framework",
				"${BUILT_PRODUCTS_DIR}/FBSDKLoginKit/FBSDKLoginKit.framework",
				"${BUILT_PRODUCTS_DIR}/FacebookCore/FacebookCore.framework",
				"${BUILT_PRODUCTS_DIR}/FacebookLogin/FacebookLogin.framework",
				"${BUILT_PRODUCTS_DIR}/SideMenu/SideMenu.framework",
				"${BUILT_PRODUCTS_DIR}/SwiftMessages/SwiftMessages.framework",
			);
			name = "[CP] Embed Pods Frameworks";
			outputPaths = (
				"${TARGET_BUILD_DIR}/${FRAMEWORKS_FOLDER_PATH}/Alamofire.framework",
				"${TARGET_BUILD_DIR}/${FRAMEWORKS_FOLDER_PATH}/Bolts.framework",
				"${TARGET_BUILD_DIR}/${FRAMEWORKS_FOLDER_PATH}/DatePickerDialog.framework",
				"${TARGET_BUILD_DIR}/${FRAMEWORKS_FOLDER_PATH}/FBSDKCoreKit.framework",
				"${TARGET_BUILD_DIR}/${FRAMEWORKS_FOLDER_PATH}/FBSDKLoginKit.framework",
				"${TARGET_BUILD_DIR}/${FRAMEWORKS_FOLDER_PATH}/FacebookCore.framework",
				"${TARGET_BUILD_DIR}/${FRAMEWORKS_FOLDER_PATH}/FacebookLogin.framework",
				"${TARGET_BUILD_DIR}/${FRAMEWORKS_FOLDER_PATH}/SideMenu.framework",
				"${TARGET_BUILD_DIR}/${FRAMEWORKS_FOLDER_PATH}/SwiftMessages.framework",
			);
			runOnlyForDeploymentPostprocessing = 0;
			shellPath = /bin/sh;
			shellScript = "\"${SRCROOT}/Pods/Target Support Files/Pods-TaxApp/Pods-TaxApp-frameworks.sh\"\n";
			showEnvVarsInLog = 0;
		};
		ABAD73C9EA512AE72AE73C5E /* [CP] Check Pods Manifest.lock */ = {
			isa = PBXShellScriptBuildPhase;
			buildActionMask = 2147483647;
			files = (
			);
			inputPaths = (
				"${PODS_PODFILE_DIR_PATH}/Podfile.lock",
				"${PODS_ROOT}/Manifest.lock",
			);
			name = "[CP] Check Pods Manifest.lock";
			outputPaths = (
				"$(DERIVED_FILE_DIR)/Pods-TaxApp-checkManifestLockResult.txt",
			);
			runOnlyForDeploymentPostprocessing = 0;
			shellPath = /bin/sh;
			shellScript = "diff \"${PODS_PODFILE_DIR_PATH}/Podfile.lock\" \"${PODS_ROOT}/Manifest.lock\" > /dev/null\nif [ $? != 0 ] ; then\n    # print error to STDERR\n    echo \"error: The sandbox is not in sync with the Podfile.lock. Run 'pod install' or update your CocoaPods installation.\" >&2\n    exit 1\nfi\n# This output is used by Xcode 'outputs' to avoid re-running this script phase.\necho \"SUCCESS\" > \"${SCRIPT_OUTPUT_FILE_0}\"\n";
			showEnvVarsInLog = 0;
		};
		EC746EF85459167511D1456E /* [CP] Copy Pods Resources */ = {
			isa = PBXShellScriptBuildPhase;
			buildActionMask = 2147483647;
			files = (
			);
			inputPaths = (
			);
			name = "[CP] Copy Pods Resources";
			outputPaths = (
			);
			runOnlyForDeploymentPostprocessing = 0;
			shellPath = /bin/sh;
			shellScript = "\"${SRCROOT}/Pods/Target Support Files/Pods-TaxApp/Pods-TaxApp-resources.sh\"\n";
			showEnvVarsInLog = 0;
		};
/* End PBXShellScriptBuildPhase section */

/* Begin PBXSourcesBuildPhase section */
		F7B42BB21F2F63D6007632BC /* Sources */ = {
			isa = PBXSourcesBuildPhase;
			buildActionMask = 2147483647;
			files = (
				F77D2A041F5403AB0032227F /* EditProfileViewController.swift in Sources */,
				F77D2A071F5403AB0032227F /* SettingViewController.swift in Sources */,
				F783F5341F486AD5009FC9F3 /* Menu+CoreDataClass.swift in Sources */,
				F71CF67A1F697AA20096860F /* MenuEnglish+CoreDataProperties.swift in Sources */,
				F783F52E1F486AD5009FC9F3 /* Article+CoreDataProperties.swift in Sources */,
				F77D29E71F54036A0032227F /* BaseImageViewController.swift in Sources */,
				F783F5411F486E24009FC9F3 /* ListNewsTableViewCell.swift in Sources */,
				F783F5301F486AD5009FC9F3 /* User+CoreDataClass.swift in Sources */,
				F77D29CE1F5402C20032227F /* ConfigAPI.swift in Sources */,
				F7F623261F56F26700BD52DE /* ViewMessageViewController.swift in Sources */,
				F77D29D11F5402C20032227F /* AuthorizationManager.swift in Sources */,
				F77D2A2B1F5440B70032227F /* SyncManager.swift in Sources */,
				F77D2A1E1F5411D40032227F /* Message+CoreDataClass.swift in Sources */,
				F77D29D61F5402C20032227F /* ColorManager.swift in Sources */,
				F77D29F71F54039B0032227F /* MainNavigationController.swift in Sources */,
				F77D2A031F5403AB0032227F /* ProfileViewController.swift in Sources */,
				F77D29CF1F5402C20032227F /* UserManager.swift in Sources */,
				F783F52F1F486AD5009FC9F3 /* User+CoreDataProperties.swift in Sources */,
				F783F5421F486E24009FC9F3 /* WebViewViewController.swift in Sources */,
				F783F5371F486AFD009FC9F3 /* TaxApp.xcdatamodeld in Sources */,
				F77D2A221F541F5E0032227F /* MessageKind.swift in Sources */,
				F77D29D31F5402C20032227F /* MenuManager.swift in Sources */,
				F77D29BD1F5402290032227F /* NotificationKind.swift in Sources */,
				F783F5401F486E24009FC9F3 /* ListNewsViewController.swift in Sources */,
				F73EB0CF1F6AB31100B39931 /* SubMenuEnglish+CoreDataProperties.swift in Sources */,
				F77D29DF1F5403580032227F /* AppDelegate.swift in Sources */,
				F77257D41F5762C4004D0C79 /* ViewMessageTableViewCell.swift in Sources */,
				F71CF6791F697AA20096860F /* MenuEnglish+CoreDataClass.swift in Sources */,
				F73EB0CB1F6AA27600B39931 /* ListEnglishCollectionViewCell.swift in Sources */,
				F77D29F01F54037B0032227F /* LeftMenuViewController.swift in Sources */,
				F77D2A0B1F5403AB0032227F /* SettingTableViewCell.swift in Sources */,
				F77D2A251F54232B0032227F /* ListMessagesViewController.swift in Sources */,
				F783F53B1F486B19009FC9F3 /* UIColor+Extensions.swift in Sources */,
				F77D29D71F5402C20032227F /* AppDataManager.swift in Sources */,
				F77D29F81F54039B0032227F /* LoginViewController.swift in Sources */,
				F77D29D51F5402C20032227F /* ThemeManager.swift in Sources */,
				F77D29ED1F54036A0032227F /* BaseFetchTableViewController.swift in Sources */,
				A5FA477E1F598C5100EAD4D4 /* ConfidentialViewController.swift in Sources */,
				F783F53A1F486B19009FC9F3 /* String+Extensions.swift in Sources */,
				F77D29F11F54037B0032227F /* LeftMenuTableViewCell.swift in Sources */,
				F77D29D81F5402C20032227F /* CoreDataManager.swift in Sources */,
				F77D29EB1F54036A0032227F /* BaseFetchViewController.swift in Sources */,
				F73EB0CE1F6AB31100B39931 /* SubMenuEnglish+CoreDataClass.swift in Sources */,
				F77D29BA1F5401960032227F /* Notification+CoreDataClass.swift in Sources */,
				F77D29D41F5402C20032227F /* DateManager.swift in Sources */,
				F77D29DD1F54030D0032227F /* AppDataManager+Theme.swift in Sources */,
				F77D2A291F5434850032227F /* MessageManager.swift in Sources */,
				F77D29E91F54036A0032227F /* BaseLabelTableViewCell.swift in Sources */,
				F77D29D91F5402C20032227F /* MessagerManager.swift in Sources */,
				F77D29F91F54039B0032227F /* RestorePasswordViewController.swift in Sources */,
				F77D2A081F5403AB0032227F /* ThemeViewController.swift in Sources */,
				F77D2A0A1F5403AB0032227F /* ThemeTableViewCell.swift in Sources */,
				F783F5311F486AD5009FC9F3 /* Category+CoreDataClass.swift in Sources */,
				F783F52D1F486AD5009FC9F3 /* Article+CoreDataClass.swift in Sources */,
				F77D2A1F1F5411D40032227F /* Message+CoreDataProperties.swift in Sources */,
				F77D2A2F1F55A7270032227F /* UITextView+Extension.swift in Sources */,
				F783F5331F486AD5009FC9F3 /* Menu+CoreDataProperties.swift in Sources */,
				F77D29EC1F54036A0032227F /* BaseNavigationViewController.swift in Sources */,
				F7F623221F56CEAE00BD52DE /* FileManagerTax.swift in Sources */,
				F77D29F61F54039B0032227F /* SignUpViewController.swift in Sources */,
				A5FA47821F59A4BA00EAD4D4 /* ChangePassword.swift in Sources */,
				F77D29DB1F5402F40032227F /* NotificationManager.swift in Sources */,
				F77D29EA1F54036A0032227F /* BaseFieldTableViewCell.swift in Sources */,
				F783F5431F486E24009FC9F3 /* DetailNewsViewController.swift in Sources */,
				A5FA47801F598CAA00EAD4D4 /* AboutApp.swift in Sources */,
				F77D29D21F5402C20032227F /* CategoryManager.swift in Sources */,
				F77D2A061F5403AB0032227F /* SelectCategoryTableViewCell.swift in Sources */,
				F77D2A051F5403AB0032227F /* SelectCategoryViewController.swift in Sources */,
				F71CF6761F6972D10096860F /* ListEnglishViewController.swift in Sources */,
				F77D2A091F5403AB0032227F /* MessageViewController.swift in Sources */,
				F77D29D01F5402C20032227F /* ImageManager.swift in Sources */,
				F77D29CD1F5402C20032227F /* ArticleManager.swift in Sources */,
				F783F5321F486AD5009FC9F3 /* Category+CoreDataProperties.swift in Sources */,
				F73EB0C91F6A854800B39931 /* MenuEnglishManager.swift in Sources */,
				F77D29BB1F5401960032227F /* Notification+CoreDataProperties.swift in Sources */,
				F77D29E81F54036A0032227F /* BaseViewController.swift in Sources */,
				F71CF6731F6970F50096860F /* BaseFetchCollectionViewController.swift in Sources */,
				F77D2A271F542D530032227F /* ListMessagesTableViewCell.swift in Sources */,
			);
			runOnlyForDeploymentPostprocessing = 0;
		};
/* End PBXSourcesBuildPhase section */

/* Begin XCBuildConfiguration section */
		F7B42BC61F2F63D6007632BC /* Debug */ = {
			isa = XCBuildConfiguration;
			buildSettings = {
				ALWAYS_SEARCH_USER_PATHS = NO;
				CLANG_ANALYZER_LOCALIZABILITY_NONLOCALIZED = YES;
				CLANG_ANALYZER_NONNULL = YES;
				CLANG_ANALYZER_NUMBER_OBJECT_CONVERSION = YES_AGGRESSIVE;
				CLANG_CXX_LANGUAGE_STANDARD = "gnu++0x";
				CLANG_CXX_LIBRARY = "libc++";
				CLANG_ENABLE_MODULES = YES;
				CLANG_ENABLE_OBJC_ARC = YES;
				CLANG_WARN_BOOL_CONVERSION = YES;
				CLANG_WARN_CONSTANT_CONVERSION = YES;
				CLANG_WARN_DIRECT_OBJC_ISA_USAGE = YES_ERROR;
				CLANG_WARN_DOCUMENTATION_COMMENTS = YES;
				CLANG_WARN_EMPTY_BODY = YES;
				CLANG_WARN_ENUM_CONVERSION = YES;
				CLANG_WARN_INFINITE_RECURSION = YES;
				CLANG_WARN_INT_CONVERSION = YES;
				CLANG_WARN_OBJC_ROOT_CLASS = YES_ERROR;
				CLANG_WARN_SUSPICIOUS_MOVE = YES;
				CLANG_WARN_UNREACHABLE_CODE = YES;
				CLANG_WARN__DUPLICATE_METHOD_MATCH = YES;
				"CODE_SIGN_IDENTITY[sdk=iphoneos*]" = "iPhone Developer";
				COPY_PHASE_STRIP = NO;
				DEBUG_INFORMATION_FORMAT = dwarf;
				ENABLE_STRICT_OBJC_MSGSEND = YES;
				ENABLE_TESTABILITY = YES;
				GCC_C_LANGUAGE_STANDARD = gnu99;
				GCC_DYNAMIC_NO_PIC = NO;
				GCC_NO_COMMON_BLOCKS = YES;
				GCC_OPTIMIZATION_LEVEL = 0;
				GCC_PREPROCESSOR_DEFINITIONS = (
					"DEBUG=1",
					"$(inherited)",
				);
				GCC_WARN_64_TO_32_BIT_CONVERSION = YES;
				GCC_WARN_ABOUT_RETURN_TYPE = YES_ERROR;
				GCC_WARN_UNDECLARED_SELECTOR = YES;
				GCC_WARN_UNINITIALIZED_AUTOS = YES_AGGRESSIVE;
				GCC_WARN_UNUSED_FUNCTION = YES;
				GCC_WARN_UNUSED_VARIABLE = YES;
				IPHONEOS_DEPLOYMENT_TARGET = 10.3;
				MTL_ENABLE_DEBUG_INFO = YES;
				ONLY_ACTIVE_ARCH = YES;
				SDKROOT = iphoneos;
				SWIFT_ACTIVE_COMPILATION_CONDITIONS = DEBUG;
				SWIFT_OPTIMIZATION_LEVEL = "-Onone";
				TARGETED_DEVICE_FAMILY = "1,2";
			};
			name = Debug;
		};
		F7B42BC71F2F63D6007632BC /* Release */ = {
			isa = XCBuildConfiguration;
			buildSettings = {
				ALWAYS_SEARCH_USER_PATHS = NO;
				CLANG_ANALYZER_LOCALIZABILITY_NONLOCALIZED = YES;
				CLANG_ANALYZER_NONNULL = YES;
				CLANG_ANALYZER_NUMBER_OBJECT_CONVERSION = YES_AGGRESSIVE;
				CLANG_CXX_LANGUAGE_STANDARD = "gnu++0x";
				CLANG_CXX_LIBRARY = "libc++";
				CLANG_ENABLE_MODULES = YES;
				CLANG_ENABLE_OBJC_ARC = YES;
				CLANG_WARN_BOOL_CONVERSION = YES;
				CLANG_WARN_CONSTANT_CONVERSION = YES;
				CLANG_WARN_DIRECT_OBJC_ISA_USAGE = YES_ERROR;
				CLANG_WARN_DOCUMENTATION_COMMENTS = YES;
				CLANG_WARN_EMPTY_BODY = YES;
				CLANG_WARN_ENUM_CONVERSION = YES;
				CLANG_WARN_INFINITE_RECURSION = YES;
				CLANG_WARN_INT_CONVERSION = YES;
				CLANG_WARN_OBJC_ROOT_CLASS = YES_ERROR;
				CLANG_WARN_SUSPICIOUS_MOVE = YES;
				CLANG_WARN_UNREACHABLE_CODE = YES;
				CLANG_WARN__DUPLICATE_METHOD_MATCH = YES;
				"CODE_SIGN_IDENTITY[sdk=iphoneos*]" = "iPhone Developer";
				COPY_PHASE_STRIP = NO;
				DEBUG_INFORMATION_FORMAT = "dwarf-with-dsym";
				ENABLE_NS_ASSERTIONS = NO;
				ENABLE_STRICT_OBJC_MSGSEND = YES;
				GCC_C_LANGUAGE_STANDARD = gnu99;
				GCC_NO_COMMON_BLOCKS = YES;
				GCC_WARN_64_TO_32_BIT_CONVERSION = YES;
				GCC_WARN_ABOUT_RETURN_TYPE = YES_ERROR;
				GCC_WARN_UNDECLARED_SELECTOR = YES;
				GCC_WARN_UNINITIALIZED_AUTOS = YES_AGGRESSIVE;
				GCC_WARN_UNUSED_FUNCTION = YES;
				GCC_WARN_UNUSED_VARIABLE = YES;
				IPHONEOS_DEPLOYMENT_TARGET = 10.3;
				MTL_ENABLE_DEBUG_INFO = NO;
				SDKROOT = iphoneos;
				SWIFT_OPTIMIZATION_LEVEL = "-Owholemodule";
				TARGETED_DEVICE_FAMILY = "1,2";
				VALIDATE_PRODUCT = YES;
			};
			name = Release;
		};
		F7B42BC91F2F63D6007632BC /* Debug */ = {
			isa = XCBuildConfiguration;
			baseConfigurationReference = 3EB21A186C238B15727789A6 /* Pods-TaxApp.debug.xcconfig */;
			buildSettings = {
				ASSETCATALOG_COMPILER_APPICON_NAME = AppIcon;
				CODE_SIGN_ENTITLEMENTS = TaxApp/TaxApp.entitlements;
				DEVELOPMENT_TEAM = EG6AMXNLL4;
				INFOPLIST_FILE = "$(SRCROOT)/TaxApp/Resurses/Info.plist";
				IPHONEOS_DEPLOYMENT_TARGET = 10.0;
				LD_RUNPATH_SEARCH_PATHS = "$(inherited) @executable_path/Frameworks";
				PRODUCT_BUNDLE_IDENTIFIER = com.vitsolutions.taxapp;
				PRODUCT_NAME = "$(TARGET_NAME)";
				SWIFT_VERSION = 3.0;
			};
			name = Debug;
		};
		F7B42BCA1F2F63D6007632BC /* Release */ = {
			isa = XCBuildConfiguration;
			baseConfigurationReference = E190B930054C22E3D2CDEDC4 /* Pods-TaxApp.release.xcconfig */;
			buildSettings = {
				ASSETCATALOG_COMPILER_APPICON_NAME = AppIcon;
				CODE_SIGN_ENTITLEMENTS = TaxApp/TaxApp.entitlements;
				DEVELOPMENT_TEAM = EG6AMXNLL4;
				INFOPLIST_FILE = "$(SRCROOT)/TaxApp/Resurses/Info.plist";
				IPHONEOS_DEPLOYMENT_TARGET = 10.0;
				LD_RUNPATH_SEARCH_PATHS = "$(inherited) @executable_path/Frameworks";
				PRODUCT_BUNDLE_IDENTIFIER = com.vitsolutions.taxapp;
				PRODUCT_NAME = "$(TARGET_NAME)";
				SWIFT_VERSION = 3.0;
			};
			name = Release;
		};
/* End XCBuildConfiguration section */

/* Begin XCConfigurationList section */
		F7B42BB11F2F63D6007632BC /* Build configuration list for PBXProject "TaxApp" */ = {
			isa = XCConfigurationList;
			buildConfigurations = (
				F7B42BC61F2F63D6007632BC /* Debug */,
				F7B42BC71F2F63D6007632BC /* Release */,
			);
			defaultConfigurationIsVisible = 0;
			defaultConfigurationName = Release;
		};
		F7B42BC81F2F63D6007632BC /* Build configuration list for PBXNativeTarget "TaxApp" */ = {
			isa = XCConfigurationList;
			buildConfigurations = (
				F7B42BC91F2F63D6007632BC /* Debug */,
				F7B42BCA1F2F63D6007632BC /* Release */,
			);
			defaultConfigurationIsVisible = 0;
			defaultConfigurationName = Release;
		};
/* End XCConfigurationList section */

/* Begin XCVersionGroup section */
		F783F5351F486AFD009FC9F3 /* TaxApp.xcdatamodeld */ = {
			isa = XCVersionGroup;
			children = (
				F783F5361F486AFD009FC9F3 /* TaxApp.xcdatamodel */,
			);
			currentVersion = F783F5361F486AFD009FC9F3 /* TaxApp.xcdatamodel */;
			path = TaxApp.xcdatamodeld;
			sourceTree = "<group>";
			versionGroupType = wrapper.xcdatamodel;
		};
/* End XCVersionGroup section */
	};
	rootObject = F7B42BAE1F2F63D6007632BC /* Project object */;
}
